// !$*UTF8*$!
{
	archiveVersion = 1;
	classes = {
	};
	objectVersion = 46;
	objects = {

/* Begin PBXBuildFile section */
		0383672518C1879A005CEC72 /* fontstash.c in Sources */ = {isa = PBXBuildFile; fileRef = 038366FD18C1879A005CEC72 /* fontstash.c */; };
		0383672618C1879A005CEC72 /* stb_truetype.c in Sources */ = {isa = PBXBuildFile; fileRef = 038366FF18C1879A005CEC72 /* stb_truetype.c */; };
		0383672718C1879A005CEC72 /* ofxFontStash.cpp in Sources */ = {isa = PBXBuildFile; fileRef = 0383670418C1879A005CEC72 /* ofxFontStash.cpp */; };
		0383672818C1879A005CEC72 /* ofTextConverter.cpp in Sources */ = {isa = PBXBuildFile; fileRef = 0383671D18C1879A005CEC72 /* ofTextConverter.cpp */; };
		0383672918C1879A005CEC72 /* ofUnicode.cpp in Sources */ = {isa = PBXBuildFile; fileRef = 0383671F18C1879A005CEC72 /* ofUnicode.cpp */; };
		0383672A18C1879A005CEC72 /* ofUTF8.cpp in Sources */ = {isa = PBXBuildFile; fileRef = 0383672118C1879A005CEC72 /* ofUTF8.cpp */; };
		038367FF18C214C5005CEC72 /* GenPack.cpp in Sources */ = {isa = PBXBuildFile; fileRef = 038367FD18C214C5005CEC72 /* GenPack.cpp */; };
		03A8AC8C18C2B680004DA209 /* GenVar.cpp in Sources */ = {isa = PBXBuildFile; fileRef = 03A8AC8A18C2B680004DA209 /* GenVar.cpp */; };
		03AFA45E18C077C500300800 /* OscReceiveGen.cpp in Sources */ = {isa = PBXBuildFile; fileRef = 03AFA45C18C077C500300800 /* OscReceiveGen.cpp */; };
		03AFA4D518C0A63F00300800 /* ofxUI2DGraph.cpp in Sources */ = {isa = PBXBuildFile; fileRef = 03AFA46B18C0A63F00300800 /* ofxUI2DGraph.cpp */; };
		03AFA4D618C0A63F00300800 /* ofxUI2DPad.cpp in Sources */ = {isa = PBXBuildFile; fileRef = 03AFA46D18C0A63F00300800 /* ofxUI2DPad.cpp */; };
		03AFA4D718C0A63F00300800 /* ofxUIBaseDraws.cpp in Sources */ = {isa = PBXBuildFile; fileRef = 03AFA46F18C0A63F00300800 /* ofxUIBaseDraws.cpp */; };
		03AFA4D818C0A63F00300800 /* ofxUIBiLabelSlider.cpp in Sources */ = {isa = PBXBuildFile; fileRef = 03AFA47118C0A63F00300800 /* ofxUIBiLabelSlider.cpp */; };
		03AFA4D918C0A63F00300800 /* ofxUIButton.cpp in Sources */ = {isa = PBXBuildFile; fileRef = 03AFA47318C0A63F00300800 /* ofxUIButton.cpp */; };
		03AFA4DA18C0A63F00300800 /* ofxUICanvas.cpp in Sources */ = {isa = PBXBuildFile; fileRef = 03AFA47518C0A63F00300800 /* ofxUICanvas.cpp */; };
		03AFA4DB18C0A63F00300800 /* ofxUICircleSlider.cpp in Sources */ = {isa = PBXBuildFile; fileRef = 03AFA47718C0A63F00300800 /* ofxUICircleSlider.cpp */; };
		03AFA4DC18C0A63F00300800 /* ofxUIDragableLabelButton.cpp in Sources */ = {isa = PBXBuildFile; fileRef = 03AFA47A18C0A63F00300800 /* ofxUIDragableLabelButton.cpp */; };
		03AFA4DD18C0A63F00300800 /* ofxUIDropDownList.cpp in Sources */ = {isa = PBXBuildFile; fileRef = 03AFA47C18C0A63F00300800 /* ofxUIDropDownList.cpp */; };
		03AFA4DE18C0A63F00300800 /* ofxUIEnvelope.cpp in Sources */ = {isa = PBXBuildFile; fileRef = 03AFA47E18C0A63F00300800 /* ofxUIEnvelope.cpp */; };
		03AFA4DF18C0A63F00300800 /* ofxUIEnvelopeEditor.cpp in Sources */ = {isa = PBXBuildFile; fileRef = 03AFA48018C0A63F00300800 /* ofxUIEnvelopeEditor.cpp */; };
		03AFA4E018C0A63F00300800 /* ofxUIEventArgs.cpp in Sources */ = {isa = PBXBuildFile; fileRef = 03AFA48218C0A63F00300800 /* ofxUIEventArgs.cpp */; };
		03AFA4E118C0A63F00300800 /* ofxUIFPS.cpp in Sources */ = {isa = PBXBuildFile; fileRef = 03AFA48418C0A63F00300800 /* ofxUIFPS.cpp */; };
		03AFA4E218C0A63F00300800 /* ofxUIFPSSlider.cpp in Sources */ = {isa = PBXBuildFile; fileRef = 03AFA48618C0A63F00300800 /* ofxUIFPSSlider.cpp */; };
		03AFA4E318C0A63F00300800 /* ofxUIImage.cpp in Sources */ = {isa = PBXBuildFile; fileRef = 03AFA48818C0A63F00300800 /* ofxUIImage.cpp */; };
		03AFA4E418C0A63F00300800 /* ofxUIImageButton.cpp in Sources */ = {isa = PBXBuildFile; fileRef = 03AFA48A18C0A63F00300800 /* ofxUIImageButton.cpp */; };
		03AFA4E518C0A63F00300800 /* ofxUIImageSampler.cpp in Sources */ = {isa = PBXBuildFile; fileRef = 03AFA48C18C0A63F00300800 /* ofxUIImageSampler.cpp */; };
		03AFA4E618C0A63F00300800 /* ofxUIImageSlider.cpp in Sources */ = {isa = PBXBuildFile; fileRef = 03AFA48E18C0A63F00300800 /* ofxUIImageSlider.cpp */; };
		03AFA4E718C0A63F00300800 /* ofxUIImageToggle.cpp in Sources */ = {isa = PBXBuildFile; fileRef = 03AFA49018C0A63F00300800 /* ofxUIImageToggle.cpp */; };
		03AFA4E818C0A63F00300800 /* ofxUILabel.cpp in Sources */ = {isa = PBXBuildFile; fileRef = 03AFA49218C0A63F00300800 /* ofxUILabel.cpp */; };
		03AFA4E918C0A63F00300800 /* ofxUILabelButton.cpp in Sources */ = {isa = PBXBuildFile; fileRef = 03AFA49418C0A63F00300800 /* ofxUILabelButton.cpp */; };
		03AFA4EA18C0A63F00300800 /* ofxUILabelToggle.cpp in Sources */ = {isa = PBXBuildFile; fileRef = 03AFA49618C0A63F00300800 /* ofxUILabelToggle.cpp */; };
		03AFA4EB18C0A63F00300800 /* ofxUIMinimalSlider.cpp in Sources */ = {isa = PBXBuildFile; fileRef = 03AFA49818C0A63F00300800 /* ofxUIMinimalSlider.cpp */; };
		03AFA4EC18C0A63F00300800 /* ofxUIMovingGraph.cpp in Sources */ = {isa = PBXBuildFile; fileRef = 03AFA49A18C0A63F00300800 /* ofxUIMovingGraph.cpp */; };
		03AFA4ED18C0A63F00300800 /* ofxUIMultiImageButton.cpp in Sources */ = {isa = PBXBuildFile; fileRef = 03AFA49C18C0A63F00300800 /* ofxUIMultiImageButton.cpp */; };
		03AFA4EE18C0A63F00300800 /* ofxUIMultiImageToggle.cpp in Sources */ = {isa = PBXBuildFile; fileRef = 03AFA49E18C0A63F00300800 /* ofxUIMultiImageToggle.cpp */; };
		03AFA4EF18C0A63F00300800 /* ofxUINumberDialer.cpp in Sources */ = {isa = PBXBuildFile; fileRef = 03AFA4A018C0A63F00300800 /* ofxUINumberDialer.cpp */; };
		03AFA4F018C0A63F00300800 /* ofxUIRadio.cpp in Sources */ = {isa = PBXBuildFile; fileRef = 03AFA4A318C0A63F00300800 /* ofxUIRadio.cpp */; };
		03AFA4F118C0A63F00300800 /* ofxUIRangeSlider.cpp in Sources */ = {isa = PBXBuildFile; fileRef = 03AFA4A518C0A63F00300800 /* ofxUIRangeSlider.cpp */; };
		03AFA4F218C0A63F00300800 /* ofxUIRectangle.cpp in Sources */ = {isa = PBXBuildFile; fileRef = 03AFA4A718C0A63F00300800 /* ofxUIRectangle.cpp */; };
		03AFA4F318C0A63F00300800 /* ofxUIRotarySlider.cpp in Sources */ = {isa = PBXBuildFile; fileRef = 03AFA4A918C0A63F00300800 /* ofxUIRotarySlider.cpp */; };
		03AFA4F418C0A63F00300800 /* ofxUIScrollableCanvas.cpp in Sources */ = {isa = PBXBuildFile; fileRef = 03AFA4AB18C0A63F00300800 /* ofxUIScrollableCanvas.cpp */; };
		03AFA4F518C0A63F00300800 /* ofxUISlider.cpp in Sources */ = {isa = PBXBuildFile; fileRef = 03AFA4AD18C0A63F00300800 /* ofxUISlider.cpp */; };
		03AFA4F618C0A63F00300800 /* ofxUISortableList.cpp in Sources */ = {isa = PBXBuildFile; fileRef = 03AFA4AF18C0A63F00300800 /* ofxUISortableList.cpp */; };
		03AFA4F718C0A63F00300800 /* ofxUISpacer.cpp in Sources */ = {isa = PBXBuildFile; fileRef = 03AFA4B118C0A63F00300800 /* ofxUISpacer.cpp */; };
		03AFA4F818C0A63F00300800 /* ofxUISpectrum.cpp in Sources */ = {isa = PBXBuildFile; fileRef = 03AFA4B318C0A63F00300800 /* ofxUISpectrum.cpp */; };
		03AFA4F918C0A63F00300800 /* ofxUISuperCanvas.cpp in Sources */ = {isa = PBXBuildFile; fileRef = 03AFA4B518C0A63F00300800 /* ofxUISuperCanvas.cpp */; };
		03AFA4FA18C0A63F00300800 /* ofxUITabBar.cpp in Sources */ = {isa = PBXBuildFile; fileRef = 03AFA4B718C0A63F00300800 /* ofxUITabBar.cpp */; };
		03AFA4FB18C0A63F00300800 /* ofxUITextArea.cpp in Sources */ = {isa = PBXBuildFile; fileRef = 03AFA4B918C0A63F00300800 /* ofxUITextArea.cpp */; };
		03AFA4FC18C0A63F00300800 /* ofxUITextInput.cpp in Sources */ = {isa = PBXBuildFile; fileRef = 03AFA4BB18C0A63F00300800 /* ofxUITextInput.cpp */; };
		03AFA4FD18C0A63F00300800 /* ofxUIToggle.cpp in Sources */ = {isa = PBXBuildFile; fileRef = 03AFA4BD18C0A63F00300800 /* ofxUIToggle.cpp */; };
		03AFA4FE18C0A63F00300800 /* ofxUIToggleMatrix.cpp in Sources */ = {isa = PBXBuildFile; fileRef = 03AFA4BF18C0A63F00300800 /* ofxUIToggleMatrix.cpp */; };
		03AFA4FF18C0A63F00300800 /* ofxUIValuePlotter.cpp in Sources */ = {isa = PBXBuildFile; fileRef = 03AFA4C218C0A63F00300800 /* ofxUIValuePlotter.cpp */; };
		03AFA50018C0A63F00300800 /* ofxUIWaveform.cpp in Sources */ = {isa = PBXBuildFile; fileRef = 03AFA4C418C0A63F00300800 /* ofxUIWaveform.cpp */; };
		03AFA50118C0A63F00300800 /* ofxUIWidget.cpp in Sources */ = {isa = PBXBuildFile; fileRef = 03AFA4C618C0A63F00300800 /* ofxUIWidget.cpp */; };
		03AFA50218C0A63F00300800 /* ofxUIWidgetWithLabel.cpp in Sources */ = {isa = PBXBuildFile; fileRef = 03AFA4C918C0A63F00300800 /* ofxUIWidgetWithLabel.cpp */; };
		03AFA50318C0A63F00300800 /* tinyxml.cpp in Sources */ = {isa = PBXBuildFile; fileRef = 03AFA4CE18C0A63F00300800 /* tinyxml.cpp */; };
		03AFA50418C0A63F00300800 /* tinyxmlerror.cpp in Sources */ = {isa = PBXBuildFile; fileRef = 03AFA4D018C0A63F00300800 /* tinyxmlerror.cpp */; };
		03AFA50518C0A63F00300800 /* tinyxmlparser.cpp in Sources */ = {isa = PBXBuildFile; fileRef = 03AFA4D118C0A63F00300800 /* tinyxmlparser.cpp */; };
		03AFA50618C0A63F00300800 /* ofxXmlSettings.cpp in Sources */ = {isa = PBXBuildFile; fileRef = 03AFA4D318C0A63F00300800 /* ofxXmlSettings.cpp */; };
		03AFA50918C0A69C00300800 /* GenModularUi.cpp in Sources */ = {isa = PBXBuildFile; fileRef = 03AFA50718C0A69C00300800 /* GenModularUi.cpp */; };
		0546d1a38e13bd319cc9755b /* OscReceivedElements.cpp in Sources */ = {isa = PBXBuildFile; fileRef = 9bf3aa0d4faa89d0f8a0e545 /* OscReceivedElements.cpp */; };
		28090deb5109115003e8f1c5 /* UdpSocketWin.cpp in Sources */ = {isa = PBXBuildFile; fileRef = 5928aa323f5c2690b06c837d /* UdpSocketWin.cpp */; };
		4adb88e2fb52e76a471065de /* ofxOscParameterSync.cpp in Sources */ = {isa = PBXBuildFile; fileRef = 0aed834ce4dec5260af302a2 /* ofxOscParameterSync.cpp */; };
		510cafe035e576a4e1502d52 /* UdpSocket.cpp in Sources */ = {isa = PBXBuildFile; fileRef = e6def695b88ba5faaceaa937 /* UdpSocket.cpp */; };
		5864ad82e20f15536d054ea3 /* ofxOscMessage.cpp in Sources */ = {isa = PBXBuildFile; fileRef = df49d76c45d5db505a234880 /* ofxOscMessage.cpp */; };
		62545d179c94265ca1389d4a /* OscOutboundPacketStream.cpp in Sources */ = {isa = PBXBuildFile; fileRef = 63a47ac60ffafc3bf093ec0f /* OscOutboundPacketStream.cpp */; };
		640279ee111671bd026cb013 /* ofxOscReceiver.cpp in Sources */ = {isa = PBXBuildFile; fileRef = c2fac65c491d4231379f3298 /* ofxOscReceiver.cpp */; };
		67fe4c7b15c2f0478c8126c2 /* NetworkingUtils.cpp in Sources */ = {isa = PBXBuildFile; fileRef = 3b361208cd4107e479f04e7b /* NetworkingUtils.cpp */; };
		72a929d3561b8232a182abfc /* ofxOscBundle.cpp in Sources */ = {isa = PBXBuildFile; fileRef = 65eefa3da3526e9cdd9c21f9 /* ofxOscBundle.cpp */; };
		879a251454401bc0b6e4f238 /* OscTypes.cpp in Sources */ = {isa = PBXBuildFile; fileRef = d9bffbbf4cc43dee890b3c3e /* OscTypes.cpp */; };
		8f5205aef8861ef234f0651a /* ofxOscSender.cpp in Sources */ = {isa = PBXBuildFile; fileRef = 81967292bfc87a0144bd32c6 /* ofxOscSender.cpp */; };
		BBAB23CB13894F3D00AA2426 /* GLUT.framework in CopyFiles */ = {isa = PBXBuildFile; fileRef = BBAB23BE13894E4700AA2426 /* GLUT.framework */; };
		E4328149138ABC9F0047C5CB /* openFrameworksDebug.a in Frameworks */ = {isa = PBXBuildFile; fileRef = E4328148138ABC890047C5CB /* openFrameworksDebug.a */; };
		E45BE97B0E8CC7DD009D7055 /* AGL.framework in Frameworks */ = {isa = PBXBuildFile; fileRef = E45BE9710E8CC7DD009D7055 /* AGL.framework */; };
		E45BE97C0E8CC7DD009D7055 /* ApplicationServices.framework in Frameworks */ = {isa = PBXBuildFile; fileRef = E45BE9720E8CC7DD009D7055 /* ApplicationServices.framework */; };
		E45BE97D0E8CC7DD009D7055 /* AudioToolbox.framework in Frameworks */ = {isa = PBXBuildFile; fileRef = E45BE9730E8CC7DD009D7055 /* AudioToolbox.framework */; };
		E45BE97E0E8CC7DD009D7055 /* Carbon.framework in Frameworks */ = {isa = PBXBuildFile; fileRef = E45BE9740E8CC7DD009D7055 /* Carbon.framework */; };
		E45BE97F0E8CC7DD009D7055 /* CoreAudio.framework in Frameworks */ = {isa = PBXBuildFile; fileRef = E45BE9750E8CC7DD009D7055 /* CoreAudio.framework */; };
		E45BE9800E8CC7DD009D7055 /* CoreFoundation.framework in Frameworks */ = {isa = PBXBuildFile; fileRef = E45BE9760E8CC7DD009D7055 /* CoreFoundation.framework */; };
		E45BE9810E8CC7DD009D7055 /* CoreServices.framework in Frameworks */ = {isa = PBXBuildFile; fileRef = E45BE9770E8CC7DD009D7055 /* CoreServices.framework */; };
		E45BE9830E8CC7DD009D7055 /* OpenGL.framework in Frameworks */ = {isa = PBXBuildFile; fileRef = E45BE9790E8CC7DD009D7055 /* OpenGL.framework */; };
		E45BE9840E8CC7DD009D7055 /* QuickTime.framework in Frameworks */ = {isa = PBXBuildFile; fileRef = E45BE97A0E8CC7DD009D7055 /* QuickTime.framework */; };
		E4B69E200A3A1BDC003C02F2 /* main.cpp in Sources */ = {isa = PBXBuildFile; fileRef = E4B69E1D0A3A1BDC003C02F2 /* main.cpp */; };
		E4B69E210A3A1BDC003C02F2 /* testApp.cpp in Sources */ = {isa = PBXBuildFile; fileRef = E4B69E1E0A3A1BDC003C02F2 /* testApp.cpp */; };
		E4C2424710CC5A17004149E2 /* AppKit.framework in Frameworks */ = {isa = PBXBuildFile; fileRef = E4C2424410CC5A17004149E2 /* AppKit.framework */; };
		E4C2424810CC5A17004149E2 /* Cocoa.framework in Frameworks */ = {isa = PBXBuildFile; fileRef = E4C2424510CC5A17004149E2 /* Cocoa.framework */; };
		E4C2424910CC5A17004149E2 /* IOKit.framework in Frameworks */ = {isa = PBXBuildFile; fileRef = E4C2424610CC5A17004149E2 /* IOKit.framework */; };
		E4EB6799138ADC1D00A09F29 /* GLUT.framework in Frameworks */ = {isa = PBXBuildFile; fileRef = BBAB23BE13894E4700AA2426 /* GLUT.framework */; };
		E7E077E515D3B63C0020DFD4 /* CoreVideo.framework in Frameworks */ = {isa = PBXBuildFile; fileRef = E7E077E415D3B63C0020DFD4 /* CoreVideo.framework */; };
		E7E077E815D3B6510020DFD4 /* QTKit.framework in Frameworks */ = {isa = PBXBuildFile; fileRef = E7E077E715D3B6510020DFD4 /* QTKit.framework */; };
		E7F985F815E0DEA3003869B5 /* Accelerate.framework in Frameworks */ = {isa = PBXBuildFile; fileRef = E7F985F515E0DE99003869B5 /* Accelerate.framework */; };
		a29d8c96ae042eceaa1bd4f3 /* NetworkingUtilsWin.cpp in Sources */ = {isa = PBXBuildFile; fileRef = 2a5b1fad3f30c8065c396acb /* NetworkingUtilsWin.cpp */; };
		ade367465d2a8ebad4c7a8d9 /* IpEndpointName.cpp in Sources */ = {isa = PBXBuildFile; fileRef = add194746185e2da11468377 /* IpEndpointName.cpp */; };
		c4782ecc372420ace0615b74 /* OscPrintReceivedElements.cpp in Sources */ = {isa = PBXBuildFile; fileRef = bc8881b3c8c0a1c45f042e7a /* OscPrintReceivedElements.cpp */; };
/* End PBXBuildFile section */

/* Begin PBXContainerItemProxy section */
		E4328147138ABC890047C5CB /* PBXContainerItemProxy */ = {
			isa = PBXContainerItemProxy;
			containerPortal = E4328143138ABC890047C5CB /* openFrameworksLib.xcodeproj */;
			proxyType = 2;
			remoteGlobalIDString = E4B27C1510CBEB8E00536013;
			remoteInfo = openFrameworks;
		};
		E4EEB9AB138B136A00A80321 /* PBXContainerItemProxy */ = {
			isa = PBXContainerItemProxy;
			containerPortal = E4328143138ABC890047C5CB /* openFrameworksLib.xcodeproj */;
			proxyType = 1;
			remoteGlobalIDString = E4B27C1410CBEB8E00536013;
			remoteInfo = openFrameworks;
		};
/* End PBXContainerItemProxy section */

/* Begin PBXCopyFilesBuildPhase section */
		E4C2427710CC5ABF004149E2 /* CopyFiles */ = {
			isa = PBXCopyFilesBuildPhase;
			buildActionMask = 2147483647;
			dstPath = "";
			dstSubfolderSpec = 10;
			files = (
				BBAB23CB13894F3D00AA2426 /* GLUT.framework in CopyFiles */,
			);
			runOnlyForDeploymentPostprocessing = 0;
		};
/* End PBXCopyFilesBuildPhase section */

/* Begin PBXFileReference section */
		00d6d32b84b099226431108c /* ofxOsc.h */ = {isa = PBXFileReference; explicitFileType = sourcecode.c.h; fileEncoding = 30; name = ofxOsc.h; path = ../../../addons/ofxOsc/src/ofxOsc.h; sourceTree = SOURCE_ROOT; };
		029684cf678f70f6d3537a29 /* OscOutboundPacketStream.h */ = {isa = PBXFileReference; explicitFileType = sourcecode.c.h; fileEncoding = 30; name = OscOutboundPacketStream.h; path = ../../../addons/ofxOsc/libs/oscpack/src/osc/OscOutboundPacketStream.h; sourceTree = SOURCE_ROOT; };
		038366F118C1879A005CEC72 /* .gitignore */ = {isa = PBXFileReference; fileEncoding = 4; lastKnownFileType = text; path = .gitignore; sourceTree = "<group>"; };
		038366FD18C1879A005CEC72 /* fontstash.c */ = {isa = PBXFileReference; fileEncoding = 4; lastKnownFileType = sourcecode.c.c; path = fontstash.c; sourceTree = "<group>"; };
		038366FE18C1879A005CEC72 /* fontstash.h */ = {isa = PBXFileReference; fileEncoding = 4; lastKnownFileType = sourcecode.c.h; path = fontstash.h; sourceTree = "<group>"; };
		038366FF18C1879A005CEC72 /* stb_truetype.c */ = {isa = PBXFileReference; fileEncoding = 4; lastKnownFileType = sourcecode.c.c; path = stb_truetype.c; sourceTree = "<group>"; };
		0383670018C1879A005CEC72 /* stb_truetype.h */ = {isa = PBXFileReference; fileEncoding = 4; lastKnownFileType = sourcecode.c.h; path = stb_truetype.h; sourceTree = "<group>"; };
		0383670118C1879A005CEC72 /* ofxaddons_thumbnail.png */ = {isa = PBXFileReference; lastKnownFileType = image.png; path = ofxaddons_thumbnail.png; sourceTree = "<group>"; };
		0383670218C1879A005CEC72 /* ReadMe.md */ = {isa = PBXFileReference; fileEncoding = 4; lastKnownFileType = text; path = ReadMe.md; sourceTree = "<group>"; };
		0383670418C1879A005CEC72 /* ofxFontStash.cpp */ = {isa = PBXFileReference; fileEncoding = 4; lastKnownFileType = sourcecode.cpp.cpp; path = ofxFontStash.cpp; sourceTree = "<group>"; };
		0383670518C1879A005CEC72 /* ofxFontStash.h */ = {isa = PBXFileReference; fileEncoding = 4; lastKnownFileType = sourcecode.c.h; path = ofxFontStash.h; sourceTree = "<group>"; };
		0383670718C1879A005CEC72 /* .gitignore */ = {isa = PBXFileReference; fileEncoding = 4; lastKnownFileType = text; path = .gitignore; sourceTree = "<group>"; };
		0383670C18C1879A005CEC72 /* checked.h */ = {isa = PBXFileReference; fileEncoding = 4; lastKnownFileType = sourcecode.c.h; path = checked.h; sourceTree = "<group>"; };
		0383670D18C1879A005CEC72 /* core.h */ = {isa = PBXFileReference; fileEncoding = 4; lastKnownFileType = sourcecode.c.h; path = core.h; sourceTree = "<group>"; };
		0383670E18C1879A005CEC72 /* unchecked.h */ = {isa = PBXFileReference; fileEncoding = 4; lastKnownFileType = sourcecode.c.h; path = unchecked.h; sourceTree = "<group>"; };
		0383670F18C1879A005CEC72 /* utf8.h */ = {isa = PBXFileReference; fileEncoding = 4; lastKnownFileType = sourcecode.c.h; path = utf8.h; sourceTree = "<group>"; };
		0383671318C1879A005CEC72 /* ReleaseNotes */ = {isa = PBXFileReference; fileEncoding = 4; lastKnownFileType = text; path = ReleaseNotes; sourceTree = "<group>"; };
		0383671418C1879A005CEC72 /* utf8cpp.html */ = {isa = PBXFileReference; fileEncoding = 4; lastKnownFileType = text.html; path = utf8cpp.html; sourceTree = "<group>"; };
		0383671718C1879A005CEC72 /* checked.h */ = {isa = PBXFileReference; fileEncoding = 4; lastKnownFileType = sourcecode.c.h; path = checked.h; sourceTree = "<group>"; };
		0383671818C1879A005CEC72 /* core.h */ = {isa = PBXFileReference; fileEncoding = 4; lastKnownFileType = sourcecode.c.h; path = core.h; sourceTree = "<group>"; };
		0383671918C1879A005CEC72 /* unchecked.h */ = {isa = PBXFileReference; fileEncoding = 4; lastKnownFileType = sourcecode.c.h; path = unchecked.h; sourceTree = "<group>"; };
		0383671A18C1879A005CEC72 /* utf8.h */ = {isa = PBXFileReference; fileEncoding = 4; lastKnownFileType = sourcecode.c.h; path = utf8.h; sourceTree = "<group>"; };
		0383671B18C1879A005CEC72 /* README.md */ = {isa = PBXFileReference; fileEncoding = 4; lastKnownFileType = text; path = README.md; sourceTree = "<group>"; };
		0383671D18C1879A005CEC72 /* ofTextConverter.cpp */ = {isa = PBXFileReference; fileEncoding = 4; lastKnownFileType = sourcecode.cpp.cpp; path = ofTextConverter.cpp; sourceTree = "<group>"; };
		0383671E18C1879A005CEC72 /* ofTextConverter.h */ = {isa = PBXFileReference; fileEncoding = 4; lastKnownFileType = sourcecode.c.h; path = ofTextConverter.h; sourceTree = "<group>"; };
		0383671F18C1879A005CEC72 /* ofUnicode.cpp */ = {isa = PBXFileReference; fileEncoding = 4; lastKnownFileType = sourcecode.cpp.cpp; path = ofUnicode.cpp; sourceTree = "<group>"; };
		0383672018C1879A005CEC72 /* ofUnicode.h */ = {isa = PBXFileReference; fileEncoding = 4; lastKnownFileType = sourcecode.c.h; path = ofUnicode.h; sourceTree = "<group>"; };
		0383672118C1879A005CEC72 /* ofUTF8.cpp */ = {isa = PBXFileReference; fileEncoding = 4; lastKnownFileType = sourcecode.cpp.cpp; path = ofUTF8.cpp; sourceTree = "<group>"; };
		0383672218C1879A005CEC72 /* ofUTF8.h */ = {isa = PBXFileReference; fileEncoding = 4; lastKnownFileType = sourcecode.c.h; path = ofUTF8.h; sourceTree = "<group>"; };
		038367FD18C214C5005CEC72 /* GenPack.cpp */ = {isa = PBXFileReference; fileEncoding = 4; lastKnownFileType = sourcecode.cpp.cpp; path = GenPack.cpp; sourceTree = "<group>"; };
		038367FE18C214C5005CEC72 /* GenPack.h */ = {isa = PBXFileReference; fileEncoding = 4; lastKnownFileType = sourcecode.c.h; path = GenPack.h; sourceTree = "<group>"; };
		03A8AC8A18C2B680004DA209 /* GenVar.cpp */ = {isa = PBXFileReference; fileEncoding = 4; lastKnownFileType = sourcecode.cpp.cpp; path = GenVar.cpp; sourceTree = "<group>"; };
		03A8AC8B18C2B680004DA209 /* GenVar.h */ = {isa = PBXFileReference; fileEncoding = 4; lastKnownFileType = sourcecode.c.h; path = GenVar.h; sourceTree = "<group>"; };
		03AFA45C18C077C500300800 /* OscReceiveGen.cpp */ = {isa = PBXFileReference; fileEncoding = 4; lastKnownFileType = sourcecode.cpp.cpp; path = OscReceiveGen.cpp; sourceTree = "<group>"; };
		03AFA45D18C077C500300800 /* OscReceiveGen.h */ = {isa = PBXFileReference; fileEncoding = 4; lastKnownFileType = sourcecode.c.h; path = OscReceiveGen.h; sourceTree = "<group>"; };
		03AFA46818C0A63F00300800 /* README.md */ = {isa = PBXFileReference; fileEncoding = 4; lastKnownFileType = text; path = README.md; sourceTree = "<group>"; };
		03AFA46A18C0A63F00300800 /* ofxUI.h */ = {isa = PBXFileReference; fileEncoding = 4; lastKnownFileType = sourcecode.c.h; path = ofxUI.h; sourceTree = "<group>"; };
		03AFA46B18C0A63F00300800 /* ofxUI2DGraph.cpp */ = {isa = PBXFileReference; fileEncoding = 4; lastKnownFileType = sourcecode.cpp.cpp; path = ofxUI2DGraph.cpp; sourceTree = "<group>"; };
		03AFA46C18C0A63F00300800 /* ofxUI2DGraph.h */ = {isa = PBXFileReference; fileEncoding = 4; lastKnownFileType = sourcecode.c.h; path = ofxUI2DGraph.h; sourceTree = "<group>"; };
		03AFA46D18C0A63F00300800 /* ofxUI2DPad.cpp */ = {isa = PBXFileReference; fileEncoding = 4; lastKnownFileType = sourcecode.cpp.cpp; path = ofxUI2DPad.cpp; sourceTree = "<group>"; };
		03AFA46E18C0A63F00300800 /* ofxUI2DPad.h */ = {isa = PBXFileReference; fileEncoding = 4; lastKnownFileType = sourcecode.c.h; path = ofxUI2DPad.h; sourceTree = "<group>"; };
		03AFA46F18C0A63F00300800 /* ofxUIBaseDraws.cpp */ = {isa = PBXFileReference; fileEncoding = 4; lastKnownFileType = sourcecode.cpp.cpp; path = ofxUIBaseDraws.cpp; sourceTree = "<group>"; };
		03AFA47018C0A63F00300800 /* ofxUIBaseDraws.h */ = {isa = PBXFileReference; fileEncoding = 4; lastKnownFileType = sourcecode.c.h; path = ofxUIBaseDraws.h; sourceTree = "<group>"; };
		03AFA47118C0A63F00300800 /* ofxUIBiLabelSlider.cpp */ = {isa = PBXFileReference; fileEncoding = 4; lastKnownFileType = sourcecode.cpp.cpp; path = ofxUIBiLabelSlider.cpp; sourceTree = "<group>"; };
		03AFA47218C0A63F00300800 /* ofxUIBiLabelSlider.h */ = {isa = PBXFileReference; fileEncoding = 4; lastKnownFileType = sourcecode.c.h; path = ofxUIBiLabelSlider.h; sourceTree = "<group>"; };
		03AFA47318C0A63F00300800 /* ofxUIButton.cpp */ = {isa = PBXFileReference; fileEncoding = 4; lastKnownFileType = sourcecode.cpp.cpp; path = ofxUIButton.cpp; sourceTree = "<group>"; };
		03AFA47418C0A63F00300800 /* ofxUIButton.h */ = {isa = PBXFileReference; fileEncoding = 4; lastKnownFileType = sourcecode.c.h; path = ofxUIButton.h; sourceTree = "<group>"; };
		03AFA47518C0A63F00300800 /* ofxUICanvas.cpp */ = {isa = PBXFileReference; fileEncoding = 4; lastKnownFileType = sourcecode.cpp.cpp; path = ofxUICanvas.cpp; sourceTree = "<group>"; };
		03AFA47618C0A63F00300800 /* ofxUICanvas.h */ = {isa = PBXFileReference; fileEncoding = 4; lastKnownFileType = sourcecode.c.h; path = ofxUICanvas.h; sourceTree = "<group>"; };
		03AFA47718C0A63F00300800 /* ofxUICircleSlider.cpp */ = {isa = PBXFileReference; fileEncoding = 4; lastKnownFileType = sourcecode.cpp.cpp; path = ofxUICircleSlider.cpp; sourceTree = "<group>"; };
		03AFA47818C0A63F00300800 /* ofxUICircleSlider.h */ = {isa = PBXFileReference; fileEncoding = 4; lastKnownFileType = sourcecode.c.h; path = ofxUICircleSlider.h; sourceTree = "<group>"; };
		03AFA47918C0A63F00300800 /* ofxUIDefines.h */ = {isa = PBXFileReference; fileEncoding = 4; lastKnownFileType = sourcecode.c.h; path = ofxUIDefines.h; sourceTree = "<group>"; };
		03AFA47A18C0A63F00300800 /* ofxUIDragableLabelButton.cpp */ = {isa = PBXFileReference; fileEncoding = 4; lastKnownFileType = sourcecode.cpp.cpp; path = ofxUIDragableLabelButton.cpp; sourceTree = "<group>"; };
		03AFA47B18C0A63F00300800 /* ofxUIDragableLabelButton.h */ = {isa = PBXFileReference; fileEncoding = 4; lastKnownFileType = sourcecode.c.h; path = ofxUIDragableLabelButton.h; sourceTree = "<group>"; };
		03AFA47C18C0A63F00300800 /* ofxUIDropDownList.cpp */ = {isa = PBXFileReference; fileEncoding = 4; lastKnownFileType = sourcecode.cpp.cpp; path = ofxUIDropDownList.cpp; sourceTree = "<group>"; };
		03AFA47D18C0A63F00300800 /* ofxUIDropDownList.h */ = {isa = PBXFileReference; fileEncoding = 4; lastKnownFileType = sourcecode.c.h; path = ofxUIDropDownList.h; sourceTree = "<group>"; };
		03AFA47E18C0A63F00300800 /* ofxUIEnvelope.cpp */ = {isa = PBXFileReference; fileEncoding = 4; lastKnownFileType = sourcecode.cpp.cpp; path = ofxUIEnvelope.cpp; sourceTree = "<group>"; };
		03AFA47F18C0A63F00300800 /* ofxUIEnvelope.h */ = {isa = PBXFileReference; fileEncoding = 4; lastKnownFileType = sourcecode.c.h; path = ofxUIEnvelope.h; sourceTree = "<group>"; };
		03AFA48018C0A63F00300800 /* ofxUIEnvelopeEditor.cpp */ = {isa = PBXFileReference; fileEncoding = 4; lastKnownFileType = sourcecode.cpp.cpp; path = ofxUIEnvelopeEditor.cpp; sourceTree = "<group>"; };
		03AFA48118C0A63F00300800 /* ofxUIEnvelopeEditor.h */ = {isa = PBXFileReference; fileEncoding = 4; lastKnownFileType = sourcecode.c.h; path = ofxUIEnvelopeEditor.h; sourceTree = "<group>"; };
		03AFA48218C0A63F00300800 /* ofxUIEventArgs.cpp */ = {isa = PBXFileReference; fileEncoding = 4; lastKnownFileType = sourcecode.cpp.cpp; path = ofxUIEventArgs.cpp; sourceTree = "<group>"; };
		03AFA48318C0A63F00300800 /* ofxUIEventArgs.h */ = {isa = PBXFileReference; fileEncoding = 4; lastKnownFileType = sourcecode.c.h; path = ofxUIEventArgs.h; sourceTree = "<group>"; };
		03AFA48418C0A63F00300800 /* ofxUIFPS.cpp */ = {isa = PBXFileReference; fileEncoding = 4; lastKnownFileType = sourcecode.cpp.cpp; path = ofxUIFPS.cpp; sourceTree = "<group>"; };
		03AFA48518C0A63F00300800 /* ofxUIFPS.h */ = {isa = PBXFileReference; fileEncoding = 4; lastKnownFileType = sourcecode.c.h; path = ofxUIFPS.h; sourceTree = "<group>"; };
		03AFA48618C0A63F00300800 /* ofxUIFPSSlider.cpp */ = {isa = PBXFileReference; fileEncoding = 4; lastKnownFileType = sourcecode.cpp.cpp; path = ofxUIFPSSlider.cpp; sourceTree = "<group>"; };
		03AFA48718C0A63F00300800 /* ofxUIFPSSlider.h */ = {isa = PBXFileReference; fileEncoding = 4; lastKnownFileType = sourcecode.c.h; path = ofxUIFPSSlider.h; sourceTree = "<group>"; };
		03AFA48818C0A63F00300800 /* ofxUIImage.cpp */ = {isa = PBXFileReference; fileEncoding = 4; lastKnownFileType = sourcecode.cpp.cpp; path = ofxUIImage.cpp; sourceTree = "<group>"; };
		03AFA48918C0A63F00300800 /* ofxUIImage.h */ = {isa = PBXFileReference; fileEncoding = 4; lastKnownFileType = sourcecode.c.h; path = ofxUIImage.h; sourceTree = "<group>"; };
		03AFA48A18C0A63F00300800 /* ofxUIImageButton.cpp */ = {isa = PBXFileReference; fileEncoding = 4; lastKnownFileType = sourcecode.cpp.cpp; path = ofxUIImageButton.cpp; sourceTree = "<group>"; };
		03AFA48B18C0A63F00300800 /* ofxUIImageButton.h */ = {isa = PBXFileReference; fileEncoding = 4; lastKnownFileType = sourcecode.c.h; path = ofxUIImageButton.h; sourceTree = "<group>"; };
		03AFA48C18C0A63F00300800 /* ofxUIImageSampler.cpp */ = {isa = PBXFileReference; fileEncoding = 4; lastKnownFileType = sourcecode.cpp.cpp; path = ofxUIImageSampler.cpp; sourceTree = "<group>"; };
		03AFA48D18C0A63F00300800 /* ofxUIImageSampler.h */ = {isa = PBXFileReference; fileEncoding = 4; lastKnownFileType = sourcecode.c.h; path = ofxUIImageSampler.h; sourceTree = "<group>"; };
		03AFA48E18C0A63F00300800 /* ofxUIImageSlider.cpp */ = {isa = PBXFileReference; fileEncoding = 4; lastKnownFileType = sourcecode.cpp.cpp; path = ofxUIImageSlider.cpp; sourceTree = "<group>"; };
		03AFA48F18C0A63F00300800 /* ofxUIImageSlider.h */ = {isa = PBXFileReference; fileEncoding = 4; lastKnownFileType = sourcecode.c.h; path = ofxUIImageSlider.h; sourceTree = "<group>"; };
		03AFA49018C0A63F00300800 /* ofxUIImageToggle.cpp */ = {isa = PBXFileReference; fileEncoding = 4; lastKnownFileType = sourcecode.cpp.cpp; path = ofxUIImageToggle.cpp; sourceTree = "<group>"; };
		03AFA49118C0A63F00300800 /* ofxUIImageToggle.h */ = {isa = PBXFileReference; fileEncoding = 4; lastKnownFileType = sourcecode.c.h; path = ofxUIImageToggle.h; sourceTree = "<group>"; };
		03AFA49218C0A63F00300800 /* ofxUILabel.cpp */ = {isa = PBXFileReference; fileEncoding = 4; lastKnownFileType = sourcecode.cpp.cpp; path = ofxUILabel.cpp; sourceTree = "<group>"; };
		03AFA49318C0A63F00300800 /* ofxUILabel.h */ = {isa = PBXFileReference; fileEncoding = 4; lastKnownFileType = sourcecode.c.h; path = ofxUILabel.h; sourceTree = "<group>"; };
		03AFA49418C0A63F00300800 /* ofxUILabelButton.cpp */ = {isa = PBXFileReference; fileEncoding = 4; lastKnownFileType = sourcecode.cpp.cpp; path = ofxUILabelButton.cpp; sourceTree = "<group>"; };
		03AFA49518C0A63F00300800 /* ofxUILabelButton.h */ = {isa = PBXFileReference; fileEncoding = 4; lastKnownFileType = sourcecode.c.h; path = ofxUILabelButton.h; sourceTree = "<group>"; };
		03AFA49618C0A63F00300800 /* ofxUILabelToggle.cpp */ = {isa = PBXFileReference; fileEncoding = 4; lastKnownFileType = sourcecode.cpp.cpp; path = ofxUILabelToggle.cpp; sourceTree = "<group>"; };
		03AFA49718C0A63F00300800 /* ofxUILabelToggle.h */ = {isa = PBXFileReference; fileEncoding = 4; lastKnownFileType = sourcecode.c.h; path = ofxUILabelToggle.h; sourceTree = "<group>"; };
		03AFA49818C0A63F00300800 /* ofxUIMinimalSlider.cpp */ = {isa = PBXFileReference; fileEncoding = 4; lastKnownFileType = sourcecode.cpp.cpp; path = ofxUIMinimalSlider.cpp; sourceTree = "<group>"; };
		03AFA49918C0A63F00300800 /* ofxUIMinimalSlider.h */ = {isa = PBXFileReference; fileEncoding = 4; lastKnownFileType = sourcecode.c.h; path = ofxUIMinimalSlider.h; sourceTree = "<group>"; };
		03AFA49A18C0A63F00300800 /* ofxUIMovingGraph.cpp */ = {isa = PBXFileReference; fileEncoding = 4; lastKnownFileType = sourcecode.cpp.cpp; path = ofxUIMovingGraph.cpp; sourceTree = "<group>"; };
		03AFA49B18C0A63F00300800 /* ofxUIMovingGraph.h */ = {isa = PBXFileReference; fileEncoding = 4; lastKnownFileType = sourcecode.c.h; path = ofxUIMovingGraph.h; sourceTree = "<group>"; };
		03AFA49C18C0A63F00300800 /* ofxUIMultiImageButton.cpp */ = {isa = PBXFileReference; fileEncoding = 4; lastKnownFileType = sourcecode.cpp.cpp; path = ofxUIMultiImageButton.cpp; sourceTree = "<group>"; };
		03AFA49D18C0A63F00300800 /* ofxUIMultiImageButton.h */ = {isa = PBXFileReference; fileEncoding = 4; lastKnownFileType = sourcecode.c.h; path = ofxUIMultiImageButton.h; sourceTree = "<group>"; };
		03AFA49E18C0A63F00300800 /* ofxUIMultiImageToggle.cpp */ = {isa = PBXFileReference; fileEncoding = 4; lastKnownFileType = sourcecode.cpp.cpp; path = ofxUIMultiImageToggle.cpp; sourceTree = "<group>"; };
		03AFA49F18C0A63F00300800 /* ofxUIMultiImageToggle.h */ = {isa = PBXFileReference; fileEncoding = 4; lastKnownFileType = sourcecode.c.h; path = ofxUIMultiImageToggle.h; sourceTree = "<group>"; };
		03AFA4A018C0A63F00300800 /* ofxUINumberDialer.cpp */ = {isa = PBXFileReference; fileEncoding = 4; lastKnownFileType = sourcecode.cpp.cpp; path = ofxUINumberDialer.cpp; sourceTree = "<group>"; };
		03AFA4A118C0A63F00300800 /* ofxUINumberDialer.h */ = {isa = PBXFileReference; fileEncoding = 4; lastKnownFileType = sourcecode.c.h; path = ofxUINumberDialer.h; sourceTree = "<group>"; };
		03AFA4A218C0A63F00300800 /* ofxUIOFWrapper.h */ = {isa = PBXFileReference; fileEncoding = 4; lastKnownFileType = sourcecode.c.h; path = ofxUIOFWrapper.h; sourceTree = "<group>"; };
		03AFA4A318C0A63F00300800 /* ofxUIRadio.cpp */ = {isa = PBXFileReference; fileEncoding = 4; lastKnownFileType = sourcecode.cpp.cpp; path = ofxUIRadio.cpp; sourceTree = "<group>"; };
		03AFA4A418C0A63F00300800 /* ofxUIRadio.h */ = {isa = PBXFileReference; fileEncoding = 4; lastKnownFileType = sourcecode.c.h; path = ofxUIRadio.h; sourceTree = "<group>"; };
		03AFA4A518C0A63F00300800 /* ofxUIRangeSlider.cpp */ = {isa = PBXFileReference; fileEncoding = 4; lastKnownFileType = sourcecode.cpp.cpp; path = ofxUIRangeSlider.cpp; sourceTree = "<group>"; };
		03AFA4A618C0A63F00300800 /* ofxUIRangeSlider.h */ = {isa = PBXFileReference; fileEncoding = 4; lastKnownFileType = sourcecode.c.h; path = ofxUIRangeSlider.h; sourceTree = "<group>"; };
		03AFA4A718C0A63F00300800 /* ofxUIRectangle.cpp */ = {isa = PBXFileReference; fileEncoding = 4; lastKnownFileType = sourcecode.cpp.cpp; path = ofxUIRectangle.cpp; sourceTree = "<group>"; };
		03AFA4A818C0A63F00300800 /* ofxUIRectangle.h */ = {isa = PBXFileReference; fileEncoding = 4; lastKnownFileType = sourcecode.c.h; path = ofxUIRectangle.h; sourceTree = "<group>"; };
		03AFA4A918C0A63F00300800 /* ofxUIRotarySlider.cpp */ = {isa = PBXFileReference; fileEncoding = 4; lastKnownFileType = sourcecode.cpp.cpp; path = ofxUIRotarySlider.cpp; sourceTree = "<group>"; };
		03AFA4AA18C0A63F00300800 /* ofxUIRotarySlider.h */ = {isa = PBXFileReference; fileEncoding = 4; lastKnownFileType = sourcecode.c.h; path = ofxUIRotarySlider.h; sourceTree = "<group>"; };
		03AFA4AB18C0A63F00300800 /* ofxUIScrollableCanvas.cpp */ = {isa = PBXFileReference; fileEncoding = 4; lastKnownFileType = sourcecode.cpp.cpp; path = ofxUIScrollableCanvas.cpp; sourceTree = "<group>"; };
		03AFA4AC18C0A63F00300800 /* ofxUIScrollableCanvas.h */ = {isa = PBXFileReference; fileEncoding = 4; lastKnownFileType = sourcecode.c.h; path = ofxUIScrollableCanvas.h; sourceTree = "<group>"; };
		03AFA4AD18C0A63F00300800 /* ofxUISlider.cpp */ = {isa = PBXFileReference; fileEncoding = 4; lastKnownFileType = sourcecode.cpp.cpp; path = ofxUISlider.cpp; sourceTree = "<group>"; };
		03AFA4AE18C0A63F00300800 /* ofxUISlider.h */ = {isa = PBXFileReference; fileEncoding = 4; lastKnownFileType = sourcecode.c.h; path = ofxUISlider.h; sourceTree = "<group>"; };
		03AFA4AF18C0A63F00300800 /* ofxUISortableList.cpp */ = {isa = PBXFileReference; fileEncoding = 4; lastKnownFileType = sourcecode.cpp.cpp; path = ofxUISortableList.cpp; sourceTree = "<group>"; };
		03AFA4B018C0A63F00300800 /* ofxUISortableList.h */ = {isa = PBXFileReference; fileEncoding = 4; lastKnownFileType = sourcecode.c.h; path = ofxUISortableList.h; sourceTree = "<group>"; };
		03AFA4B118C0A63F00300800 /* ofxUISpacer.cpp */ = {isa = PBXFileReference; fileEncoding = 4; lastKnownFileType = sourcecode.cpp.cpp; path = ofxUISpacer.cpp; sourceTree = "<group>"; };
		03AFA4B218C0A63F00300800 /* ofxUISpacer.h */ = {isa = PBXFileReference; fileEncoding = 4; lastKnownFileType = sourcecode.c.h; path = ofxUISpacer.h; sourceTree = "<group>"; };
		03AFA4B318C0A63F00300800 /* ofxUISpectrum.cpp */ = {isa = PBXFileReference; fileEncoding = 4; lastKnownFileType = sourcecode.cpp.cpp; path = ofxUISpectrum.cpp; sourceTree = "<group>"; };
		03AFA4B418C0A63F00300800 /* ofxUISpectrum.h */ = {isa = PBXFileReference; fileEncoding = 4; lastKnownFileType = sourcecode.c.h; path = ofxUISpectrum.h; sourceTree = "<group>"; };
		03AFA4B518C0A63F00300800 /* ofxUISuperCanvas.cpp */ = {isa = PBXFileReference; fileEncoding = 4; lastKnownFileType = sourcecode.cpp.cpp; path = ofxUISuperCanvas.cpp; sourceTree = "<group>"; };
		03AFA4B618C0A63F00300800 /* ofxUISuperCanvas.h */ = {isa = PBXFileReference; fileEncoding = 4; lastKnownFileType = sourcecode.c.h; path = ofxUISuperCanvas.h; sourceTree = "<group>"; };
		03AFA4B718C0A63F00300800 /* ofxUITabBar.cpp */ = {isa = PBXFileReference; fileEncoding = 4; lastKnownFileType = sourcecode.cpp.cpp; path = ofxUITabBar.cpp; sourceTree = "<group>"; };
		03AFA4B818C0A63F00300800 /* ofxUITabBar.h */ = {isa = PBXFileReference; fileEncoding = 4; lastKnownFileType = sourcecode.c.h; path = ofxUITabBar.h; sourceTree = "<group>"; };
		03AFA4B918C0A63F00300800 /* ofxUITextArea.cpp */ = {isa = PBXFileReference; fileEncoding = 4; lastKnownFileType = sourcecode.cpp.cpp; path = ofxUITextArea.cpp; sourceTree = "<group>"; };
		03AFA4BA18C0A63F00300800 /* ofxUITextArea.h */ = {isa = PBXFileReference; fileEncoding = 4; lastKnownFileType = sourcecode.c.h; path = ofxUITextArea.h; sourceTree = "<group>"; };
		03AFA4BB18C0A63F00300800 /* ofxUITextInput.cpp */ = {isa = PBXFileReference; fileEncoding = 4; lastKnownFileType = sourcecode.cpp.cpp; path = ofxUITextInput.cpp; sourceTree = "<group>"; };
		03AFA4BC18C0A63F00300800 /* ofxUITextInput.h */ = {isa = PBXFileReference; fileEncoding = 4; lastKnownFileType = sourcecode.c.h; path = ofxUITextInput.h; sourceTree = "<group>"; };
		03AFA4BD18C0A63F00300800 /* ofxUIToggle.cpp */ = {isa = PBXFileReference; fileEncoding = 4; lastKnownFileType = sourcecode.cpp.cpp; path = ofxUIToggle.cpp; sourceTree = "<group>"; };
		03AFA4BE18C0A63F00300800 /* ofxUIToggle.h */ = {isa = PBXFileReference; fileEncoding = 4; lastKnownFileType = sourcecode.c.h; path = ofxUIToggle.h; sourceTree = "<group>"; };
		03AFA4BF18C0A63F00300800 /* ofxUIToggleMatrix.cpp */ = {isa = PBXFileReference; fileEncoding = 4; lastKnownFileType = sourcecode.cpp.cpp; path = ofxUIToggleMatrix.cpp; sourceTree = "<group>"; };
		03AFA4C018C0A63F00300800 /* ofxUIToggleMatrix.h */ = {isa = PBXFileReference; fileEncoding = 4; lastKnownFileType = sourcecode.c.h; path = ofxUIToggleMatrix.h; sourceTree = "<group>"; };
		03AFA4C118C0A63F00300800 /* ofxUIUtils.h */ = {isa = PBXFileReference; fileEncoding = 4; lastKnownFileType = sourcecode.c.h; path = ofxUIUtils.h; sourceTree = "<group>"; };
		03AFA4C218C0A63F00300800 /* ofxUIValuePlotter.cpp */ = {isa = PBXFileReference; fileEncoding = 4; lastKnownFileType = sourcecode.cpp.cpp; path = ofxUIValuePlotter.cpp; sourceTree = "<group>"; };
		03AFA4C318C0A63F00300800 /* ofxUIValuePlotter.h */ = {isa = PBXFileReference; fileEncoding = 4; lastKnownFileType = sourcecode.c.h; path = ofxUIValuePlotter.h; sourceTree = "<group>"; };
		03AFA4C418C0A63F00300800 /* ofxUIWaveform.cpp */ = {isa = PBXFileReference; fileEncoding = 4; lastKnownFileType = sourcecode.cpp.cpp; path = ofxUIWaveform.cpp; sourceTree = "<group>"; };
		03AFA4C518C0A63F00300800 /* ofxUIWaveform.h */ = {isa = PBXFileReference; fileEncoding = 4; lastKnownFileType = sourcecode.c.h; path = ofxUIWaveform.h; sourceTree = "<group>"; };
		03AFA4C618C0A63F00300800 /* ofxUIWidget.cpp */ = {isa = PBXFileReference; fileEncoding = 4; lastKnownFileType = sourcecode.cpp.cpp; path = ofxUIWidget.cpp; sourceTree = "<group>"; };
		03AFA4C718C0A63F00300800 /* ofxUIWidget.h */ = {isa = PBXFileReference; fileEncoding = 4; lastKnownFileType = sourcecode.c.h; path = ofxUIWidget.h; sourceTree = "<group>"; };
		03AFA4C818C0A63F00300800 /* ofxUIWidgets.h */ = {isa = PBXFileReference; fileEncoding = 4; lastKnownFileType = sourcecode.c.h; path = ofxUIWidgets.h; sourceTree = "<group>"; };
		03AFA4C918C0A63F00300800 /* ofxUIWidgetWithLabel.cpp */ = {isa = PBXFileReference; fileEncoding = 4; lastKnownFileType = sourcecode.cpp.cpp; path = ofxUIWidgetWithLabel.cpp; sourceTree = "<group>"; };
		03AFA4CA18C0A63F00300800 /* ofxUIWidgetWithLabel.h */ = {isa = PBXFileReference; fileEncoding = 4; lastKnownFileType = sourcecode.c.h; path = ofxUIWidgetWithLabel.h; sourceTree = "<group>"; };
		03AFA4CB18C0A63F00300800 /* ofxUIWrapper.h */ = {isa = PBXFileReference; fileEncoding = 4; lastKnownFileType = sourcecode.c.h; path = ofxUIWrapper.h; sourceTree = "<group>"; };
		03AFA4CE18C0A63F00300800 /* tinyxml.cpp */ = {isa = PBXFileReference; fileEncoding = 4; lastKnownFileType = sourcecode.cpp.cpp; path = tinyxml.cpp; sourceTree = "<group>"; };
		03AFA4CF18C0A63F00300800 /* tinyxml.h */ = {isa = PBXFileReference; fileEncoding = 4; lastKnownFileType = sourcecode.c.h; path = tinyxml.h; sourceTree = "<group>"; };
		03AFA4D018C0A63F00300800 /* tinyxmlerror.cpp */ = {isa = PBXFileReference; fileEncoding = 4; lastKnownFileType = sourcecode.cpp.cpp; path = tinyxmlerror.cpp; sourceTree = "<group>"; };
		03AFA4D118C0A63F00300800 /* tinyxmlparser.cpp */ = {isa = PBXFileReference; fileEncoding = 4; lastKnownFileType = sourcecode.cpp.cpp; path = tinyxmlparser.cpp; sourceTree = "<group>"; };
		03AFA4D318C0A63F00300800 /* ofxXmlSettings.cpp */ = {isa = PBXFileReference; fileEncoding = 4; lastKnownFileType = sourcecode.cpp.cpp; path = ofxXmlSettings.cpp; sourceTree = "<group>"; };
		03AFA4D418C0A63F00300800 /* ofxXmlSettings.h */ = {isa = PBXFileReference; fileEncoding = 4; lastKnownFileType = sourcecode.c.h; path = ofxXmlSettings.h; sourceTree = "<group>"; };
		03AFA50718C0A69C00300800 /* GenModularUi.cpp */ = {isa = PBXFileReference; fileEncoding = 4; lastKnownFileType = sourcecode.cpp.cpp; path = GenModularUi.cpp; sourceTree = "<group>"; };
		03AFA50818C0A69C00300800 /* GenModularUi.h */ = {isa = PBXFileReference; fileEncoding = 4; lastKnownFileType = sourcecode.c.h; path = GenModularUi.h; sourceTree = "<group>"; };
		0aed834ce4dec5260af302a2 /* ofxOscParameterSync.cpp */ = {isa = PBXFileReference; explicitFileType = sourcecode.cpp.cpp; fileEncoding = 30; name = ofxOscParameterSync.cpp; path = ../../../addons/ofxOsc/src/ofxOscParameterSync.cpp; sourceTree = SOURCE_ROOT; };
		20f35afadaf0068b067e713f /* OscReceivedElements.h */ = {isa = PBXFileReference; explicitFileType = sourcecode.c.h; fileEncoding = 30; name = OscReceivedElements.h; path = ../../../addons/ofxOsc/libs/oscpack/src/osc/OscReceivedElements.h; sourceTree = SOURCE_ROOT; };
		23640f57df6c4bb6bfc5da4c /* PacketListener.h */ = {isa = PBXFileReference; explicitFileType = sourcecode.c.h; fileEncoding = 30; name = PacketListener.h; path = ../../../addons/ofxOsc/libs/oscpack/src/ip/PacketListener.h; sourceTree = SOURCE_ROOT; };
		2a5b1fad3f30c8065c396acb /* NetworkingUtilsWin.cpp */ = {isa = PBXFileReference; explicitFileType = sourcecode.cpp.cpp; fileEncoding = 30; name = NetworkingUtilsWin.cpp; path = ../../../addons/ofxOsc/libs/oscpack/src/ip/win32/NetworkingUtilsWin.cpp; sourceTree = SOURCE_ROOT; };
		2fd4b0329909d3527f003494 /* UdpSocket.h */ = {isa = PBXFileReference; explicitFileType = sourcecode.c.h; fileEncoding = 30; name = UdpSocket.h; path = ../../../addons/ofxOsc/libs/oscpack/src/ip/UdpSocket.h; sourceTree = SOURCE_ROOT; };
		3b361208cd4107e479f04e7b /* NetworkingUtils.cpp */ = {isa = PBXFileReference; explicitFileType = sourcecode.cpp.cpp; fileEncoding = 30; name = NetworkingUtils.cpp; path = ../../../addons/ofxOsc/libs/oscpack/src/ip/posix/NetworkingUtils.cpp; sourceTree = SOURCE_ROOT; };
		444657a12e59d0ed86981498 /* TimerListener.h */ = {isa = PBXFileReference; explicitFileType = sourcecode.c.h; fileEncoding = 30; name = TimerListener.h; path = ../../../addons/ofxOsc/libs/oscpack/src/ip/TimerListener.h; sourceTree = SOURCE_ROOT; };
		48974f980f51769171d0b2f5 /* IpEndpointName.h */ = {isa = PBXFileReference; explicitFileType = sourcecode.c.h; fileEncoding = 30; name = IpEndpointName.h; path = ../../../addons/ofxOsc/libs/oscpack/src/ip/IpEndpointName.h; sourceTree = SOURCE_ROOT; };
		4e95fb446a9c9c6f0de12d75 /* OscPrintReceivedElements.h */ = {isa = PBXFileReference; explicitFileType = sourcecode.c.h; fileEncoding = 30; name = OscPrintReceivedElements.h; path = ../../../addons/ofxOsc/libs/oscpack/src/osc/OscPrintReceivedElements.h; sourceTree = SOURCE_ROOT; };
		5928aa323f5c2690b06c837d /* UdpSocketWin.cpp */ = {isa = PBXFileReference; explicitFileType = sourcecode.cpp.cpp; fileEncoding = 30; name = UdpSocketWin.cpp; path = ../../../addons/ofxOsc/libs/oscpack/src/ip/win32/UdpSocketWin.cpp; sourceTree = SOURCE_ROOT; };
		63a47ac60ffafc3bf093ec0f /* OscOutboundPacketStream.cpp */ = {isa = PBXFileReference; explicitFileType = sourcecode.cpp.cpp; fileEncoding = 30; name = OscOutboundPacketStream.cpp; path = ../../../addons/ofxOsc/libs/oscpack/src/osc/OscOutboundPacketStream.cpp; sourceTree = SOURCE_ROOT; };
		65eefa3da3526e9cdd9c21f9 /* ofxOscBundle.cpp */ = {isa = PBXFileReference; explicitFileType = sourcecode.cpp.cpp; fileEncoding = 30; name = ofxOscBundle.cpp; path = ../../../addons/ofxOsc/src/ofxOscBundle.cpp; sourceTree = SOURCE_ROOT; };
		6b65e6930994cc4b2d2b8b33 /* OscPacketListener.h */ = {isa = PBXFileReference; explicitFileType = sourcecode.c.h; fileEncoding = 30; name = OscPacketListener.h; path = ../../../addons/ofxOsc/libs/oscpack/src/osc/OscPacketListener.h; sourceTree = SOURCE_ROOT; };
		7689f8a0f3d0b7635a8c3104 /* ofxOscArg.h */ = {isa = PBXFileReference; explicitFileType = sourcecode.c.h; fileEncoding = 30; name = ofxOscArg.h; path = ../../../addons/ofxOsc/src/ofxOscArg.h; sourceTree = SOURCE_ROOT; };
		81967292bfc87a0144bd32c6 /* ofxOscSender.cpp */ = {isa = PBXFileReference; explicitFileType = sourcecode.cpp.cpp; fileEncoding = 30; name = ofxOscSender.cpp; path = ../../../addons/ofxOsc/src/ofxOscSender.cpp; sourceTree = SOURCE_ROOT; };
		8b30e93fd3d3475eed522a0e /* ofxOscBundle.h */ = {isa = PBXFileReference; explicitFileType = sourcecode.c.h; fileEncoding = 30; name = ofxOscBundle.h; path = ../../../addons/ofxOsc/src/ofxOscBundle.h; sourceTree = SOURCE_ROOT; };
		8c75afc8774a62495dd53464 /* ofxOscReceiver.h */ = {isa = PBXFileReference; explicitFileType = sourcecode.c.h; fileEncoding = 30; name = ofxOscReceiver.h; path = ../../../addons/ofxOsc/src/ofxOscReceiver.h; sourceTree = SOURCE_ROOT; };
		9bf3aa0d4faa89d0f8a0e545 /* OscReceivedElements.cpp */ = {isa = PBXFileReference; explicitFileType = sourcecode.cpp.cpp; fileEncoding = 30; name = OscReceivedElements.cpp; path = ../../../addons/ofxOsc/libs/oscpack/src/osc/OscReceivedElements.cpp; sourceTree = SOURCE_ROOT; };
		9f7986dc4eb05e75fce2c777 /* ofxOscSender.h */ = {isa = PBXFileReference; explicitFileType = sourcecode.c.h; fileEncoding = 30; name = ofxOscSender.h; path = ../../../addons/ofxOsc/src/ofxOscSender.h; sourceTree = SOURCE_ROOT; };
		BBAB23BE13894E4700AA2426 /* GLUT.framework */ = {isa = PBXFileReference; lastKnownFileType = wrapper.framework; name = GLUT.framework; path = ../../../libs/glut/lib/osx/GLUT.framework; sourceTree = "<group>"; };
		E4328143138ABC890047C5CB /* openFrameworksLib.xcodeproj */ = {isa = PBXFileReference; lastKnownFileType = "wrapper.pb-project"; name = openFrameworksLib.xcodeproj; path = ../../../libs/openFrameworksCompiled/project/osx/openFrameworksLib.xcodeproj; sourceTree = SOURCE_ROOT; };
		E45BE9710E8CC7DD009D7055 /* AGL.framework */ = {isa = PBXFileReference; lastKnownFileType = wrapper.framework; name = AGL.framework; path = /System/Library/Frameworks/AGL.framework; sourceTree = "<absolute>"; };
		E45BE9720E8CC7DD009D7055 /* ApplicationServices.framework */ = {isa = PBXFileReference; lastKnownFileType = wrapper.framework; name = ApplicationServices.framework; path = /System/Library/Frameworks/ApplicationServices.framework; sourceTree = "<absolute>"; };
		E45BE9730E8CC7DD009D7055 /* AudioToolbox.framework */ = {isa = PBXFileReference; lastKnownFileType = wrapper.framework; name = AudioToolbox.framework; path = /System/Library/Frameworks/AudioToolbox.framework; sourceTree = "<absolute>"; };
		E45BE9740E8CC7DD009D7055 /* Carbon.framework */ = {isa = PBXFileReference; lastKnownFileType = wrapper.framework; name = Carbon.framework; path = /System/Library/Frameworks/Carbon.framework; sourceTree = "<absolute>"; };
		E45BE9750E8CC7DD009D7055 /* CoreAudio.framework */ = {isa = PBXFileReference; lastKnownFileType = wrapper.framework; name = CoreAudio.framework; path = /System/Library/Frameworks/CoreAudio.framework; sourceTree = "<absolute>"; };
		E45BE9760E8CC7DD009D7055 /* CoreFoundation.framework */ = {isa = PBXFileReference; lastKnownFileType = wrapper.framework; name = CoreFoundation.framework; path = /System/Library/Frameworks/CoreFoundation.framework; sourceTree = "<absolute>"; };
		E45BE9770E8CC7DD009D7055 /* CoreServices.framework */ = {isa = PBXFileReference; lastKnownFileType = wrapper.framework; name = CoreServices.framework; path = /System/Library/Frameworks/CoreServices.framework; sourceTree = "<absolute>"; };
		E45BE9790E8CC7DD009D7055 /* OpenGL.framework */ = {isa = PBXFileReference; lastKnownFileType = wrapper.framework; name = OpenGL.framework; path = /System/Library/Frameworks/OpenGL.framework; sourceTree = "<absolute>"; };
		E45BE97A0E8CC7DD009D7055 /* QuickTime.framework */ = {isa = PBXFileReference; lastKnownFileType = wrapper.framework; name = QuickTime.framework; path = /System/Library/Frameworks/QuickTime.framework; sourceTree = "<absolute>"; };
		E4B69B5B0A3A1756003C02F2 /* oscReceiveExampleDebug.app */ = {isa = PBXFileReference; explicitFileType = wrapper.application; includeInIndex = 0; path = oscReceiveExampleDebug.app; sourceTree = BUILT_PRODUCTS_DIR; };
		E4B69E1D0A3A1BDC003C02F2 /* main.cpp */ = {isa = PBXFileReference; fileEncoding = 30; lastKnownFileType = sourcecode.cpp.cpp; name = main.cpp; path = src/main.cpp; sourceTree = SOURCE_ROOT; };
		E4B69E1E0A3A1BDC003C02F2 /* testApp.cpp */ = {isa = PBXFileReference; explicitFileType = sourcecode.cpp.cpp; fileEncoding = 30; name = testApp.cpp; path = src/testApp.cpp; sourceTree = SOURCE_ROOT; };
		E4B69E1F0A3A1BDC003C02F2 /* testApp.h */ = {isa = PBXFileReference; fileEncoding = 30; lastKnownFileType = sourcecode.c.h; name = testApp.h; path = src/testApp.h; sourceTree = SOURCE_ROOT; };
		E4B6FCAD0C3E899E008CF71C /* openFrameworks-Info.plist */ = {isa = PBXFileReference; fileEncoding = 30; lastKnownFileType = text.plist.xml; path = "openFrameworks-Info.plist"; sourceTree = "<group>"; };
		E4C2424410CC5A17004149E2 /* AppKit.framework */ = {isa = PBXFileReference; lastKnownFileType = wrapper.framework; name = AppKit.framework; path = /System/Library/Frameworks/AppKit.framework; sourceTree = "<absolute>"; };
		E4C2424510CC5A17004149E2 /* Cocoa.framework */ = {isa = PBXFileReference; lastKnownFileType = wrapper.framework; name = Cocoa.framework; path = /System/Library/Frameworks/Cocoa.framework; sourceTree = "<absolute>"; };
		E4C2424610CC5A17004149E2 /* IOKit.framework */ = {isa = PBXFileReference; lastKnownFileType = wrapper.framework; name = IOKit.framework; path = /System/Library/Frameworks/IOKit.framework; sourceTree = "<absolute>"; };
		E4EB691F138AFCF100A09F29 /* CoreOF.xcconfig */ = {isa = PBXFileReference; fileEncoding = 4; lastKnownFileType = text.xcconfig; name = CoreOF.xcconfig; path = ../../../libs/openFrameworksCompiled/project/osx/CoreOF.xcconfig; sourceTree = SOURCE_ROOT; };
		E4EB6923138AFD0F00A09F29 /* Project.xcconfig */ = {isa = PBXFileReference; fileEncoding = 4; lastKnownFileType = text.xcconfig; path = Project.xcconfig; sourceTree = "<group>"; };
		E7E077E415D3B63C0020DFD4 /* CoreVideo.framework */ = {isa = PBXFileReference; lastKnownFileType = wrapper.framework; name = CoreVideo.framework; path = /System/Library/Frameworks/CoreVideo.framework; sourceTree = "<absolute>"; };
		E7E077E715D3B6510020DFD4 /* QTKit.framework */ = {isa = PBXFileReference; lastKnownFileType = wrapper.framework; name = QTKit.framework; path = /System/Library/Frameworks/QTKit.framework; sourceTree = "<absolute>"; };
		E7F985F515E0DE99003869B5 /* Accelerate.framework */ = {isa = PBXFileReference; lastKnownFileType = wrapper.framework; name = Accelerate.framework; path = /System/Library/Frameworks/Accelerate.framework; sourceTree = "<absolute>"; };
		a2aaa8ca403479e6fcdf920e /* OscHostEndianness.h */ = {isa = PBXFileReference; explicitFileType = sourcecode.c.h; fileEncoding = 30; name = OscHostEndianness.h; path = ../../../addons/ofxOsc/libs/oscpack/src/osc/OscHostEndianness.h; sourceTree = SOURCE_ROOT; };
		add194746185e2da11468377 /* IpEndpointName.cpp */ = {isa = PBXFileReference; explicitFileType = sourcecode.cpp.cpp; fileEncoding = 30; name = IpEndpointName.cpp; path = ../../../addons/ofxOsc/libs/oscpack/src/ip/IpEndpointName.cpp; sourceTree = SOURCE_ROOT; };
		ae335eb4709bfd4671eeac84 /* MessageMappingOscPacketListener.h */ = {isa = PBXFileReference; explicitFileType = sourcecode.c.h; fileEncoding = 30; name = MessageMappingOscPacketListener.h; path = ../../../addons/ofxOsc/libs/oscpack/src/osc/MessageMappingOscPacketListener.h; sourceTree = SOURCE_ROOT; };
		b31c608870eceb2490a93736 /* ofxOscParameterSync.h */ = {isa = PBXFileReference; explicitFileType = sourcecode.c.h; fileEncoding = 30; name = ofxOscParameterSync.h; path = ../../../addons/ofxOsc/src/ofxOscParameterSync.h; sourceTree = SOURCE_ROOT; };
		bc8881b3c8c0a1c45f042e7a /* OscPrintReceivedElements.cpp */ = {isa = PBXFileReference; explicitFileType = sourcecode.cpp.cpp; fileEncoding = 30; name = OscPrintReceivedElements.cpp; path = ../../../addons/ofxOsc/libs/oscpack/src/osc/OscPrintReceivedElements.cpp; sourceTree = SOURCE_ROOT; };
		c2fac65c491d4231379f3298 /* ofxOscReceiver.cpp */ = {isa = PBXFileReference; explicitFileType = sourcecode.cpp.cpp; fileEncoding = 30; name = ofxOscReceiver.cpp; path = ../../../addons/ofxOsc/src/ofxOscReceiver.cpp; sourceTree = SOURCE_ROOT; };
		c58862c6d212c8e8a83810f4 /* ofxOscMessage.h */ = {isa = PBXFileReference; explicitFileType = sourcecode.c.h; fileEncoding = 30; name = ofxOscMessage.h; path = ../../../addons/ofxOsc/src/ofxOscMessage.h; sourceTree = SOURCE_ROOT; };
		c6937888e126badc8777423b /* OscTypes.h */ = {isa = PBXFileReference; explicitFileType = sourcecode.c.h; fileEncoding = 30; name = OscTypes.h; path = ../../../addons/ofxOsc/libs/oscpack/src/osc/OscTypes.h; sourceTree = SOURCE_ROOT; };
		d9bffbbf4cc43dee890b3c3e /* OscTypes.cpp */ = {isa = PBXFileReference; explicitFileType = sourcecode.cpp.cpp; fileEncoding = 30; name = OscTypes.cpp; path = ../../../addons/ofxOsc/libs/oscpack/src/osc/OscTypes.cpp; sourceTree = SOURCE_ROOT; };
		df49d76c45d5db505a234880 /* ofxOscMessage.cpp */ = {isa = PBXFileReference; explicitFileType = sourcecode.cpp.cpp; fileEncoding = 30; name = ofxOscMessage.cpp; path = ../../../addons/ofxOsc/src/ofxOscMessage.cpp; sourceTree = SOURCE_ROOT; };
		e6def695b88ba5faaceaa937 /* UdpSocket.cpp */ = {isa = PBXFileReference; explicitFileType = sourcecode.cpp.cpp; fileEncoding = 30; name = UdpSocket.cpp; path = ../../../addons/ofxOsc/libs/oscpack/src/ip/posix/UdpSocket.cpp; sourceTree = SOURCE_ROOT; };
		f4f5b6b8ba2bd52c646ed908 /* OscException.h */ = {isa = PBXFileReference; explicitFileType = sourcecode.c.h; fileEncoding = 30; name = OscException.h; path = ../../../addons/ofxOsc/libs/oscpack/src/osc/OscException.h; sourceTree = SOURCE_ROOT; };
		f7fbc56859535e597b24bb91 /* NetworkingUtils.h */ = {isa = PBXFileReference; explicitFileType = sourcecode.c.h; fileEncoding = 30; name = NetworkingUtils.h; path = ../../../addons/ofxOsc/libs/oscpack/src/ip/NetworkingUtils.h; sourceTree = SOURCE_ROOT; };
/* End PBXFileReference section */

/* Begin PBXFrameworksBuildPhase section */
		E4B69B590A3A1756003C02F2 /* Frameworks */ = {
			isa = PBXFrameworksBuildPhase;
			buildActionMask = 2147483647;
			files = (
				E7F985F815E0DEA3003869B5 /* Accelerate.framework in Frameworks */,
				E7E077E815D3B6510020DFD4 /* QTKit.framework in Frameworks */,
				E4EB6799138ADC1D00A09F29 /* GLUT.framework in Frameworks */,
				E4328149138ABC9F0047C5CB /* openFrameworksDebug.a in Frameworks */,
				E45BE97B0E8CC7DD009D7055 /* AGL.framework in Frameworks */,
				E45BE97C0E8CC7DD009D7055 /* ApplicationServices.framework in Frameworks */,
				E45BE97D0E8CC7DD009D7055 /* AudioToolbox.framework in Frameworks */,
				E45BE97E0E8CC7DD009D7055 /* Carbon.framework in Frameworks */,
				E45BE97F0E8CC7DD009D7055 /* CoreAudio.framework in Frameworks */,
				E45BE9800E8CC7DD009D7055 /* CoreFoundation.framework in Frameworks */,
				E45BE9810E8CC7DD009D7055 /* CoreServices.framework in Frameworks */,
				E45BE9830E8CC7DD009D7055 /* OpenGL.framework in Frameworks */,
				E45BE9840E8CC7DD009D7055 /* QuickTime.framework in Frameworks */,
				E4C2424710CC5A17004149E2 /* AppKit.framework in Frameworks */,
				E4C2424810CC5A17004149E2 /* Cocoa.framework in Frameworks */,
				E4C2424910CC5A17004149E2 /* IOKit.framework in Frameworks */,
				E7E077E515D3B63C0020DFD4 /* CoreVideo.framework in Frameworks */,
			);
			runOnlyForDeploymentPostprocessing = 0;
		};
/* End PBXFrameworksBuildPhase section */

/* Begin PBXGroup section */
		038366F018C1879A005CEC72 /* ofxFontStash */ = {
			isa = PBXGroup;
			children = (
				038366F118C1879A005CEC72 /* .gitignore */,
				038366FA18C1879A005CEC72 /* libs */,
				0383670118C1879A005CEC72 /* ofxaddons_thumbnail.png */,
				0383670218C1879A005CEC72 /* ReadMe.md */,
				0383670318C1879A005CEC72 /* src */,
			);
			name = ofxFontStash;
			path = ../../../addons/ofxFontStash;
			sourceTree = "<group>";
		};
		038366FA18C1879A005CEC72 /* libs */ = {
			isa = PBXGroup;
			children = (
				038366FB18C1879A005CEC72 /* fontstash */,
			);
			path = libs;
			sourceTree = "<group>";
		};
		038366FB18C1879A005CEC72 /* fontstash */ = {
			isa = PBXGroup;
			children = (
				038366FC18C1879A005CEC72 /* src */,
			);
			path = fontstash;
			sourceTree = "<group>";
		};
		038366FC18C1879A005CEC72 /* src */ = {
			isa = PBXGroup;
			children = (
				038366FD18C1879A005CEC72 /* fontstash.c */,
				038366FE18C1879A005CEC72 /* fontstash.h */,
				038366FF18C1879A005CEC72 /* stb_truetype.c */,
				0383670018C1879A005CEC72 /* stb_truetype.h */,
			);
			path = src;
			sourceTree = "<group>";
		};
		0383670318C1879A005CEC72 /* src */ = {
			isa = PBXGroup;
			children = (
				0383670418C1879A005CEC72 /* ofxFontStash.cpp */,
				0383670518C1879A005CEC72 /* ofxFontStash.h */,
			);
			path = src;
			sourceTree = "<group>";
		};
		0383670618C1879A005CEC72 /* ofxUnicode */ = {
			isa = PBXGroup;
			children = (
				0383670718C1879A005CEC72 /* .gitignore */,
				0383670818C1879A005CEC72 /* libs */,
				0383671B18C1879A005CEC72 /* README.md */,
				0383671C18C1879A005CEC72 /* src */,
			);
			name = ofxUnicode;
			path = ../../../addons/ofxUnicode;
			sourceTree = "<group>";
		};
		0383670818C1879A005CEC72 /* libs */ = {
			isa = PBXGroup;
			children = (
				0383670918C1879A005CEC72 /* utf8cpp */,
			);
			path = libs;
			sourceTree = "<group>";
		};
		0383670918C1879A005CEC72 /* utf8cpp */ = {
			isa = PBXGroup;
			children = (
				0383670A18C1879A005CEC72 /* include */,
				0383671018C1879A005CEC72 /* src */,
			);
			path = utf8cpp;
			sourceTree = "<group>";
		};
		0383670A18C1879A005CEC72 /* include */ = {
			isa = PBXGroup;
			children = (
				0383670B18C1879A005CEC72 /* utf8 */,
				0383670F18C1879A005CEC72 /* utf8.h */,
			);
			path = include;
			sourceTree = "<group>";
		};
		0383670B18C1879A005CEC72 /* utf8 */ = {
			isa = PBXGroup;
			children = (
				0383670C18C1879A005CEC72 /* checked.h */,
				0383670D18C1879A005CEC72 /* core.h */,
				0383670E18C1879A005CEC72 /* unchecked.h */,
			);
			path = utf8;
			sourceTree = "<group>";
		};
		0383671018C1879A005CEC72 /* src */ = {
			isa = PBXGroup;
			children = (
				0383671118C1879A005CEC72 /* utf8_v2_3_1 */,
			);
			path = src;
			sourceTree = "<group>";
		};
		0383671118C1879A005CEC72 /* utf8_v2_3_1 */ = {
			isa = PBXGroup;
			children = (
				0383671218C1879A005CEC72 /* doc */,
				0383671518C1879A005CEC72 /* source */,
			);
			path = utf8_v2_3_1;
			sourceTree = "<group>";
		};
		0383671218C1879A005CEC72 /* doc */ = {
			isa = PBXGroup;
			children = (
				0383671318C1879A005CEC72 /* ReleaseNotes */,
				0383671418C1879A005CEC72 /* utf8cpp.html */,
			);
			path = doc;
			sourceTree = "<group>";
		};
		0383671518C1879A005CEC72 /* source */ = {
			isa = PBXGroup;
			children = (
				0383671618C1879A005CEC72 /* utf8 */,
				0383671A18C1879A005CEC72 /* utf8.h */,
			);
			path = source;
			sourceTree = "<group>";
		};
		0383671618C1879A005CEC72 /* utf8 */ = {
			isa = PBXGroup;
			children = (
				0383671718C1879A005CEC72 /* checked.h */,
				0383671818C1879A005CEC72 /* core.h */,
				0383671918C1879A005CEC72 /* unchecked.h */,
			);
			path = utf8;
			sourceTree = "<group>";
		};
		0383671C18C1879A005CEC72 /* src */ = {
			isa = PBXGroup;
			children = (
				0383671D18C1879A005CEC72 /* ofTextConverter.cpp */,
				0383671E18C1879A005CEC72 /* ofTextConverter.h */,
				0383671F18C1879A005CEC72 /* ofUnicode.cpp */,
				0383672018C1879A005CEC72 /* ofUnicode.h */,
				0383672118C1879A005CEC72 /* ofUTF8.cpp */,
				0383672218C1879A005CEC72 /* ofUTF8.h */,
			);
			path = src;
			sourceTree = "<group>";
		};
		03AFA46518C0A63F00300800 /* ofxUI */ = {
			isa = PBXGroup;
			children = (
				03AFA46818C0A63F00300800 /* README.md */,
				03AFA46918C0A63F00300800 /* src */,
			);
			name = ofxUI;
			path = ../../../addons/ofxUI;
			sourceTree = "<group>";
		};
		03AFA46918C0A63F00300800 /* src */ = {
			isa = PBXGroup;
			children = (
				03AFA46A18C0A63F00300800 /* ofxUI.h */,
				03AFA46B18C0A63F00300800 /* ofxUI2DGraph.cpp */,
				03AFA46C18C0A63F00300800 /* ofxUI2DGraph.h */,
				03AFA46D18C0A63F00300800 /* ofxUI2DPad.cpp */,
				03AFA46E18C0A63F00300800 /* ofxUI2DPad.h */,
				03AFA46F18C0A63F00300800 /* ofxUIBaseDraws.cpp */,
				03AFA47018C0A63F00300800 /* ofxUIBaseDraws.h */,
				03AFA47118C0A63F00300800 /* ofxUIBiLabelSlider.cpp */,
				03AFA47218C0A63F00300800 /* ofxUIBiLabelSlider.h */,
				03AFA47318C0A63F00300800 /* ofxUIButton.cpp */,
				03AFA47418C0A63F00300800 /* ofxUIButton.h */,
				03AFA47518C0A63F00300800 /* ofxUICanvas.cpp */,
				03AFA47618C0A63F00300800 /* ofxUICanvas.h */,
				03AFA47718C0A63F00300800 /* ofxUICircleSlider.cpp */,
				03AFA47818C0A63F00300800 /* ofxUICircleSlider.h */,
				03AFA47918C0A63F00300800 /* ofxUIDefines.h */,
				03AFA47A18C0A63F00300800 /* ofxUIDragableLabelButton.cpp */,
				03AFA47B18C0A63F00300800 /* ofxUIDragableLabelButton.h */,
				03AFA47C18C0A63F00300800 /* ofxUIDropDownList.cpp */,
				03AFA47D18C0A63F00300800 /* ofxUIDropDownList.h */,
				03AFA47E18C0A63F00300800 /* ofxUIEnvelope.cpp */,
				03AFA47F18C0A63F00300800 /* ofxUIEnvelope.h */,
				03AFA48018C0A63F00300800 /* ofxUIEnvelopeEditor.cpp */,
				03AFA48118C0A63F00300800 /* ofxUIEnvelopeEditor.h */,
				03AFA48218C0A63F00300800 /* ofxUIEventArgs.cpp */,
				03AFA48318C0A63F00300800 /* ofxUIEventArgs.h */,
				03AFA48418C0A63F00300800 /* ofxUIFPS.cpp */,
				03AFA48518C0A63F00300800 /* ofxUIFPS.h */,
				03AFA48618C0A63F00300800 /* ofxUIFPSSlider.cpp */,
				03AFA48718C0A63F00300800 /* ofxUIFPSSlider.h */,
				03AFA48818C0A63F00300800 /* ofxUIImage.cpp */,
				03AFA48918C0A63F00300800 /* ofxUIImage.h */,
				03AFA48A18C0A63F00300800 /* ofxUIImageButton.cpp */,
				03AFA48B18C0A63F00300800 /* ofxUIImageButton.h */,
				03AFA48C18C0A63F00300800 /* ofxUIImageSampler.cpp */,
				03AFA48D18C0A63F00300800 /* ofxUIImageSampler.h */,
				03AFA48E18C0A63F00300800 /* ofxUIImageSlider.cpp */,
				03AFA48F18C0A63F00300800 /* ofxUIImageSlider.h */,
				03AFA49018C0A63F00300800 /* ofxUIImageToggle.cpp */,
				03AFA49118C0A63F00300800 /* ofxUIImageToggle.h */,
				03AFA49218C0A63F00300800 /* ofxUILabel.cpp */,
				03AFA49318C0A63F00300800 /* ofxUILabel.h */,
				03AFA49418C0A63F00300800 /* ofxUILabelButton.cpp */,
				03AFA49518C0A63F00300800 /* ofxUILabelButton.h */,
				03AFA49618C0A63F00300800 /* ofxUILabelToggle.cpp */,
				03AFA49718C0A63F00300800 /* ofxUILabelToggle.h */,
				03AFA49818C0A63F00300800 /* ofxUIMinimalSlider.cpp */,
				03AFA49918C0A63F00300800 /* ofxUIMinimalSlider.h */,
				03AFA49A18C0A63F00300800 /* ofxUIMovingGraph.cpp */,
				03AFA49B18C0A63F00300800 /* ofxUIMovingGraph.h */,
				03AFA49C18C0A63F00300800 /* ofxUIMultiImageButton.cpp */,
				03AFA49D18C0A63F00300800 /* ofxUIMultiImageButton.h */,
				03AFA49E18C0A63F00300800 /* ofxUIMultiImageToggle.cpp */,
				03AFA49F18C0A63F00300800 /* ofxUIMultiImageToggle.h */,
				03AFA4A018C0A63F00300800 /* ofxUINumberDialer.cpp */,
				03AFA4A118C0A63F00300800 /* ofxUINumberDialer.h */,
				03AFA4A218C0A63F00300800 /* ofxUIOFWrapper.h */,
				03AFA4A318C0A63F00300800 /* ofxUIRadio.cpp */,
				03AFA4A418C0A63F00300800 /* ofxUIRadio.h */,
				03AFA4A518C0A63F00300800 /* ofxUIRangeSlider.cpp */,
				03AFA4A618C0A63F00300800 /* ofxUIRangeSlider.h */,
				03AFA4A718C0A63F00300800 /* ofxUIRectangle.cpp */,
				03AFA4A818C0A63F00300800 /* ofxUIRectangle.h */,
				03AFA4A918C0A63F00300800 /* ofxUIRotarySlider.cpp */,
				03AFA4AA18C0A63F00300800 /* ofxUIRotarySlider.h */,
				03AFA4AB18C0A63F00300800 /* ofxUIScrollableCanvas.cpp */,
				03AFA4AC18C0A63F00300800 /* ofxUIScrollableCanvas.h */,
				03AFA4AD18C0A63F00300800 /* ofxUISlider.cpp */,
				03AFA4AE18C0A63F00300800 /* ofxUISlider.h */,
				03AFA4AF18C0A63F00300800 /* ofxUISortableList.cpp */,
				03AFA4B018C0A63F00300800 /* ofxUISortableList.h */,
				03AFA4B118C0A63F00300800 /* ofxUISpacer.cpp */,
				03AFA4B218C0A63F00300800 /* ofxUISpacer.h */,
				03AFA4B318C0A63F00300800 /* ofxUISpectrum.cpp */,
				03AFA4B418C0A63F00300800 /* ofxUISpectrum.h */,
				03AFA4B518C0A63F00300800 /* ofxUISuperCanvas.cpp */,
				03AFA4B618C0A63F00300800 /* ofxUISuperCanvas.h */,
				03AFA4B718C0A63F00300800 /* ofxUITabBar.cpp */,
				03AFA4B818C0A63F00300800 /* ofxUITabBar.h */,
				03AFA4B918C0A63F00300800 /* ofxUITextArea.cpp */,
				03AFA4BA18C0A63F00300800 /* ofxUITextArea.h */,
				03AFA4BB18C0A63F00300800 /* ofxUITextInput.cpp */,
				03AFA4BC18C0A63F00300800 /* ofxUITextInput.h */,
				03AFA4BD18C0A63F00300800 /* ofxUIToggle.cpp */,
				03AFA4BE18C0A63F00300800 /* ofxUIToggle.h */,
				03AFA4BF18C0A63F00300800 /* ofxUIToggleMatrix.cpp */,
				03AFA4C018C0A63F00300800 /* ofxUIToggleMatrix.h */,
				03AFA4C118C0A63F00300800 /* ofxUIUtils.h */,
				03AFA4C218C0A63F00300800 /* ofxUIValuePlotter.cpp */,
				03AFA4C318C0A63F00300800 /* ofxUIValuePlotter.h */,
				03AFA4C418C0A63F00300800 /* ofxUIWaveform.cpp */,
				03AFA4C518C0A63F00300800 /* ofxUIWaveform.h */,
				03AFA4C618C0A63F00300800 /* ofxUIWidget.cpp */,
				03AFA4C718C0A63F00300800 /* ofxUIWidget.h */,
				03AFA4C818C0A63F00300800 /* ofxUIWidgets.h */,
				03AFA4C918C0A63F00300800 /* ofxUIWidgetWithLabel.cpp */,
				03AFA4CA18C0A63F00300800 /* ofxUIWidgetWithLabel.h */,
				03AFA4CB18C0A63F00300800 /* ofxUIWrapper.h */,
			);
			path = src;
			sourceTree = "<group>";
		};
		03AFA4CC18C0A63F00300800 /* ofxXmlSettings */ = {
			isa = PBXGroup;
			children = (
				03AFA4CD18C0A63F00300800 /* libs */,
				03AFA4D218C0A63F00300800 /* src */,
			);
			name = ofxXmlSettings;
			path = ../../../addons/ofxXmlSettings;
			sourceTree = "<group>";
		};
		03AFA4CD18C0A63F00300800 /* libs */ = {
			isa = PBXGroup;
			children = (
				03AFA4CE18C0A63F00300800 /* tinyxml.cpp */,
				03AFA4CF18C0A63F00300800 /* tinyxml.h */,
				03AFA4D018C0A63F00300800 /* tinyxmlerror.cpp */,
				03AFA4D118C0A63F00300800 /* tinyxmlparser.cpp */,
			);
			path = libs;
			sourceTree = "<group>";
		};
		03AFA4D218C0A63F00300800 /* src */ = {
			isa = PBXGroup;
			children = (
				03AFA4D318C0A63F00300800 /* ofxXmlSettings.cpp */,
				03AFA4D418C0A63F00300800 /* ofxXmlSettings.h */,
			);
			path = src;
			sourceTree = "<group>";
		};
		30cb364908817057b430d528 /* osc */ = {
			isa = PBXGroup;
			children = (
				f4f5b6b8ba2bd52c646ed908 /* OscException.h */,
				20f35afadaf0068b067e713f /* OscReceivedElements.h */,
				6b65e6930994cc4b2d2b8b33 /* OscPacketListener.h */,
				9bf3aa0d4faa89d0f8a0e545 /* OscReceivedElements.cpp */,
				029684cf678f70f6d3537a29 /* OscOutboundPacketStream.h */,
				ae335eb4709bfd4671eeac84 /* MessageMappingOscPacketListener.h */,
				63a47ac60ffafc3bf093ec0f /* OscOutboundPacketStream.cpp */,
				bc8881b3c8c0a1c45f042e7a /* OscPrintReceivedElements.cpp */,
				a2aaa8ca403479e6fcdf920e /* OscHostEndianness.h */,
				c6937888e126badc8777423b /* OscTypes.h */,
				4e95fb446a9c9c6f0de12d75 /* OscPrintReceivedElements.h */,
				d9bffbbf4cc43dee890b3c3e /* OscTypes.cpp */,
			);
			name = osc;
			sourceTree = "<group>";
		};
		38871a5825686ae018ec2bf0 /* libs */ = {
			isa = PBXGroup;
			children = (
				86d2677079a3af4a5a88e29a /* oscpack */,
			);
			name = libs;
			sourceTree = "<group>";
		};
		641362ca659fafee4e81001b /* posix */ = {
			isa = PBXGroup;
			children = (
				e6def695b88ba5faaceaa937 /* UdpSocket.cpp */,
				3b361208cd4107e479f04e7b /* NetworkingUtils.cpp */,
			);
			name = posix;
			sourceTree = "<group>";
		};
		86d2677079a3af4a5a88e29a /* oscpack */ = {
			isa = PBXGroup;
			children = (
				d27b2221a225ca523c019676 /* src */,
			);
			name = oscpack;
			sourceTree = "<group>";
		};
		BB4B014C10F69532006C3DED /* addons */ = {
			isa = PBXGroup;
			children = (
				038366F018C1879A005CEC72 /* ofxFontStash */,
				0383670618C1879A005CEC72 /* ofxUnicode */,
				03AFA46518C0A63F00300800 /* ofxUI */,
				03AFA4CC18C0A63F00300800 /* ofxXmlSettings */,
				e6053ab7fec63d5f83825b88 /* ofxOsc */,
			);
			name = addons;
			sourceTree = "<group>";
		};
		BBAB23C913894ECA00AA2426 /* system frameworks */ = {
			isa = PBXGroup;
			children = (
				E7F985F515E0DE99003869B5 /* Accelerate.framework */,
				E4C2424410CC5A17004149E2 /* AppKit.framework */,
				E4C2424510CC5A17004149E2 /* Cocoa.framework */,
				E4C2424610CC5A17004149E2 /* IOKit.framework */,
				E45BE9710E8CC7DD009D7055 /* AGL.framework */,
				E45BE9720E8CC7DD009D7055 /* ApplicationServices.framework */,
				E45BE9730E8CC7DD009D7055 /* AudioToolbox.framework */,
				E45BE9740E8CC7DD009D7055 /* Carbon.framework */,
				E45BE9750E8CC7DD009D7055 /* CoreAudio.framework */,
				E45BE9760E8CC7DD009D7055 /* CoreFoundation.framework */,
				E45BE9770E8CC7DD009D7055 /* CoreServices.framework */,
				E45BE9790E8CC7DD009D7055 /* OpenGL.framework */,
				E45BE97A0E8CC7DD009D7055 /* QuickTime.framework */,
				E7E077E415D3B63C0020DFD4 /* CoreVideo.framework */,
				E7E077E715D3B6510020DFD4 /* QTKit.framework */,
			);
			name = "system frameworks";
			sourceTree = "<group>";
		};
		BBAB23CA13894EDB00AA2426 /* 3rd party frameworks */ = {
			isa = PBXGroup;
			children = (
				BBAB23BE13894E4700AA2426 /* GLUT.framework */,
			);
			name = "3rd party frameworks";
			sourceTree = "<group>";
		};
		E4328144138ABC890047C5CB /* Products */ = {
			isa = PBXGroup;
			children = (
				E4328148138ABC890047C5CB /* openFrameworksDebug.a */,
			);
			name = Products;
			sourceTree = "<group>";
		};
		E45BE5980E8CC70C009D7055 /* frameworks */ = {
			isa = PBXGroup;
			children = (
				BBAB23CA13894EDB00AA2426 /* 3rd party frameworks */,
				BBAB23C913894ECA00AA2426 /* system frameworks */,
			);
			name = frameworks;
			sourceTree = "<group>";
		};
		E4B69B4A0A3A1720003C02F2 = {
			isa = PBXGroup;
			children = (
				E4B6FCAD0C3E899E008CF71C /* openFrameworks-Info.plist */,
				E4EB6923138AFD0F00A09F29 /* Project.xcconfig */,
				E4B69E1C0A3A1BDC003C02F2 /* src */,
				E4EEC9E9138DF44700A80321 /* openFrameworks */,
				BB4B014C10F69532006C3DED /* addons */,
				E45BE5980E8CC70C009D7055 /* frameworks */,
				E4B69B5B0A3A1756003C02F2 /* oscReceiveExampleDebug.app */,
			);
			sourceTree = "<group>";
		};
		E4B69E1C0A3A1BDC003C02F2 /* src */ = {
			isa = PBXGroup;
			children = (
				E4B69E1D0A3A1BDC003C02F2 /* main.cpp */,
				E4B69E1E0A3A1BDC003C02F2 /* testApp.cpp */,
				E4B69E1F0A3A1BDC003C02F2 /* testApp.h */,
				038367FD18C214C5005CEC72 /* GenPack.cpp */,
				038367FE18C214C5005CEC72 /* GenPack.h */,
				03A8AC8A18C2B680004DA209 /* GenVar.cpp */,
				03A8AC8B18C2B680004DA209 /* GenVar.h */,
				03AFA45C18C077C500300800 /* OscReceiveGen.cpp */,
				03AFA45D18C077C500300800 /* OscReceiveGen.h */,
				03AFA50718C0A69C00300800 /* GenModularUi.cpp */,
				03AFA50818C0A69C00300800 /* GenModularUi.h */,
			);
			path = src;
			sourceTree = SOURCE_ROOT;
		};
		E4EEC9E9138DF44700A80321 /* openFrameworks */ = {
			isa = PBXGroup;
			children = (
				E4EB691F138AFCF100A09F29 /* CoreOF.xcconfig */,
				E4328143138ABC890047C5CB /* openFrameworksLib.xcodeproj */,
			);
			name = openFrameworks;
			sourceTree = "<group>";
		};
		ba6760ac87647dd61a92bd41 /* win32 */ = {
			isa = PBXGroup;
			children = (
				2a5b1fad3f30c8065c396acb /* NetworkingUtilsWin.cpp */,
				5928aa323f5c2690b06c837d /* UdpSocketWin.cpp */,
			);
			name = win32;
			sourceTree = "<group>";
		};
		bd2f1a9f8d0c05edb29122d0 /* src */ = {
			isa = PBXGroup;
			children = (
				81967292bfc87a0144bd32c6 /* ofxOscSender.cpp */,
				9f7986dc4eb05e75fce2c777 /* ofxOscSender.h */,
				65eefa3da3526e9cdd9c21f9 /* ofxOscBundle.cpp */,
				c58862c6d212c8e8a83810f4 /* ofxOscMessage.h */,
				8b30e93fd3d3475eed522a0e /* ofxOscBundle.h */,
				c2fac65c491d4231379f3298 /* ofxOscReceiver.cpp */,
				b31c608870eceb2490a93736 /* ofxOscParameterSync.h */,
				8c75afc8774a62495dd53464 /* ofxOscReceiver.h */,
				00d6d32b84b099226431108c /* ofxOsc.h */,
				df49d76c45d5db505a234880 /* ofxOscMessage.cpp */,
				7689f8a0f3d0b7635a8c3104 /* ofxOscArg.h */,
				0aed834ce4dec5260af302a2 /* ofxOscParameterSync.cpp */,
			);
			name = src;
			sourceTree = "<group>";
		};
		d27b2221a225ca523c019676 /* src */ = {
			isa = PBXGroup;
			children = (
				ff8cdf57858e9b94e3237115 /* ip */,
				30cb364908817057b430d528 /* osc */,
			);
			name = src;
			sourceTree = "<group>";
		};
		e6053ab7fec63d5f83825b88 /* ofxOsc */ = {
			isa = PBXGroup;
			children = (
				bd2f1a9f8d0c05edb29122d0 /* src */,
				38871a5825686ae018ec2bf0 /* libs */,
			);
			name = ofxOsc;
			sourceTree = "<group>";
		};
		ff8cdf57858e9b94e3237115 /* ip */ = {
			isa = PBXGroup;
			children = (
				f7fbc56859535e597b24bb91 /* NetworkingUtils.h */,
				444657a12e59d0ed86981498 /* TimerListener.h */,
				2fd4b0329909d3527f003494 /* UdpSocket.h */,
				ba6760ac87647dd61a92bd41 /* win32 */,
				48974f980f51769171d0b2f5 /* IpEndpointName.h */,
				23640f57df6c4bb6bfc5da4c /* PacketListener.h */,
				641362ca659fafee4e81001b /* posix */,
				add194746185e2da11468377 /* IpEndpointName.cpp */,
			);
			name = ip;
			sourceTree = "<group>";
		};
/* End PBXGroup section */

/* Begin PBXNativeTarget section */
		E4B69B5A0A3A1756003C02F2 /* oscReceiveExample */ = {
			isa = PBXNativeTarget;
			buildConfigurationList = E4B69B5F0A3A1757003C02F2 /* Build configuration list for PBXNativeTarget "oscReceiveExample" */;
			buildPhases = (
				E4B69B580A3A1756003C02F2 /* Sources */,
				E4B69B590A3A1756003C02F2 /* Frameworks */,
				E4B6FFFD0C3F9AB9008CF71C /* ShellScript */,
				E4C2427710CC5ABF004149E2 /* CopyFiles */,
			);
			buildRules = (
			);
			dependencies = (
				E4EEB9AC138B136A00A80321 /* PBXTargetDependency */,
			);
			name = oscReceiveExample;
			productName = myOFApp;
			productReference = E4B69B5B0A3A1756003C02F2 /* oscReceiveExampleDebug.app */;
			productType = "com.apple.product-type.application";
		};
/* End PBXNativeTarget section */

/* Begin PBXProject section */
		E4B69B4C0A3A1720003C02F2 /* Project object */ = {
			isa = PBXProject;
			attributes = {
				LastUpgradeCheck = 0460;
			};
			buildConfigurationList = E4B69B4D0A3A1720003C02F2 /* Build configuration list for PBXProject "oscReceiveExample" */;
			compatibilityVersion = "Xcode 3.2";
			developmentRegion = English;
			hasScannedForEncodings = 0;
			knownRegions = (
				English,
				Japanese,
				French,
				German,
			);
			mainGroup = E4B69B4A0A3A1720003C02F2;
			productRefGroup = E4B69B4A0A3A1720003C02F2;
			projectDirPath = "";
			projectReferences = (
				{
					ProductGroup = E4328144138ABC890047C5CB /* Products */;
					ProjectRef = E4328143138ABC890047C5CB /* openFrameworksLib.xcodeproj */;
				},
			);
			projectRoot = "";
			targets = (
				E4B69B5A0A3A1756003C02F2 /* oscReceiveExample */,
			);
		};
/* End PBXProject section */

/* Begin PBXReferenceProxy section */
		E4328148138ABC890047C5CB /* openFrameworksDebug.a */ = {
			isa = PBXReferenceProxy;
			fileType = archive.ar;
			path = openFrameworksDebug.a;
			remoteRef = E4328147138ABC890047C5CB /* PBXContainerItemProxy */;
			sourceTree = BUILT_PRODUCTS_DIR;
		};
/* End PBXReferenceProxy section */

/* Begin PBXShellScriptBuildPhase section */
		E4B6FFFD0C3F9AB9008CF71C /* ShellScript */ = {
			isa = PBXShellScriptBuildPhase;
			buildActionMask = 2147483647;
			files = (
			);
			inputPaths = (
			);
			outputPaths = (
			);
			runOnlyForDeploymentPostprocessing = 0;
			shellPath = /bin/sh;
			shellScript = "cp -f ../../../libs/fmodex/lib/osx/libfmodex.dylib \"$TARGET_BUILD_DIR/$PRODUCT_NAME.app/Contents/MacOS/libfmodex.dylib\"; install_name_tool -change ./libfmodex.dylib @executable_path/libfmodex.dylib \"$TARGET_BUILD_DIR/$PRODUCT_NAME.app/Contents/MacOS/$PRODUCT_NAME\";\nmkdir -p \"$TARGET_BUILD_DIR/$PRODUCT_NAME.app/Contents/Resources/\"\ncp -f \"$ICON_FILE\" \"$TARGET_BUILD_DIR/$PRODUCT_NAME.app/Contents/Resources/\"\n";
		};
/* End PBXShellScriptBuildPhase section */

/* Begin PBXSourcesBuildPhase section */
		E4B69B580A3A1756003C02F2 /* Sources */ = {
			isa = PBXSourcesBuildPhase;
			buildActionMask = 2147483647;
			files = (
				E4B69E200A3A1BDC003C02F2 /* main.cpp in Sources */,
				03AFA4FD18C0A63F00300800 /* ofxUIToggle.cpp in Sources */,
				03AFA4F318C0A63F00300800 /* ofxUIRotarySlider.cpp in Sources */,
				03AFA4E918C0A63F00300800 /* ofxUILabelButton.cpp in Sources */,
				03AFA45E18C077C500300800 /* OscReceiveGen.cpp in Sources */,
				03AFA4F918C0A63F00300800 /* ofxUISuperCanvas.cpp in Sources */,
				03AFA50318C0A63F00300800 /* tinyxml.cpp in Sources */,
				03AFA4FF18C0A63F00300800 /* ofxUIValuePlotter.cpp in Sources */,
				03AFA4F018C0A63F00300800 /* ofxUIRadio.cpp in Sources */,
				03AFA4D818C0A63F00300800 /* ofxUIBiLabelSlider.cpp in Sources */,
				03AFA4F418C0A63F00300800 /* ofxUIScrollableCanvas.cpp in Sources */,
				03AFA4D918C0A63F00300800 /* ofxUIButton.cpp in Sources */,
				03AFA4EE18C0A63F00300800 /* ofxUIMultiImageToggle.cpp in Sources */,
				E4B69E210A3A1BDC003C02F2 /* testApp.cpp in Sources */,
				03AFA50618C0A63F00300800 /* ofxXmlSettings.cpp in Sources */,
				8f5205aef8861ef234f0651a /* ofxOscSender.cpp in Sources */,
				03AFA50518C0A63F00300800 /* tinyxmlparser.cpp in Sources */,
				03AFA4D518C0A63F00300800 /* ofxUI2DGraph.cpp in Sources */,
				03AFA4DB18C0A63F00300800 /* ofxUICircleSlider.cpp in Sources */,
				03AFA4DA18C0A63F00300800 /* ofxUICanvas.cpp in Sources */,
				03AFA4E518C0A63F00300800 /* ofxUIImageSampler.cpp in Sources */,
				03AFA4E618C0A63F00300800 /* ofxUIImageSlider.cpp in Sources */,
				03AFA4F518C0A63F00300800 /* ofxUISlider.cpp in Sources */,
				0383672A18C1879A005CEC72 /* ofUTF8.cpp in Sources */,
				03AFA50218C0A63F00300800 /* ofxUIWidgetWithLabel.cpp in Sources */,
				03AFA4EF18C0A63F00300800 /* ofxUINumberDialer.cpp in Sources */,
				03AFA4DC18C0A63F00300800 /* ofxUIDragableLabelButton.cpp in Sources */,
				0383672818C1879A005CEC72 /* ofTextConverter.cpp in Sources */,
				03AFA4DE18C0A63F00300800 /* ofxUIEnvelope.cpp in Sources */,
				72a929d3561b8232a182abfc /* ofxOscBundle.cpp in Sources */,
				03A8AC8C18C2B680004DA209 /* GenVar.cpp in Sources */,
				03AFA4F218C0A63F00300800 /* ofxUIRectangle.cpp in Sources */,
				0383672618C1879A005CEC72 /* stb_truetype.c in Sources */,
				640279ee111671bd026cb013 /* ofxOscReceiver.cpp in Sources */,
				03AFA50118C0A63F00300800 /* ofxUIWidget.cpp in Sources */,
				5864ad82e20f15536d054ea3 /* ofxOscMessage.cpp in Sources */,
				03AFA4E418C0A63F00300800 /* ofxUIImageButton.cpp in Sources */,
				03AFA4E718C0A63F00300800 /* ofxUIImageToggle.cpp in Sources */,
				03AFA4D718C0A63F00300800 /* ofxUIBaseDraws.cpp in Sources */,
				03AFA4F718C0A63F00300800 /* ofxUISpacer.cpp in Sources */,
				03AFA4E818C0A63F00300800 /* ofxUILabel.cpp in Sources */,
				4adb88e2fb52e76a471065de /* ofxOscParameterSync.cpp in Sources */,
				0383672918C1879A005CEC72 /* ofUnicode.cpp in Sources */,
				03AFA4E018C0A63F00300800 /* ofxUIEventArgs.cpp in Sources */,
				a29d8c96ae042eceaa1bd4f3 /* NetworkingUtilsWin.cpp in Sources */,
				03AFA4FB18C0A63F00300800 /* ofxUITextArea.cpp in Sources */,
				03AFA4FC18C0A63F00300800 /* ofxUITextInput.cpp in Sources */,
				28090deb5109115003e8f1c5 /* UdpSocketWin.cpp in Sources */,
				03AFA50918C0A69C00300800 /* GenModularUi.cpp in Sources */,
				0383672518C1879A005CEC72 /* fontstash.c in Sources */,
				03AFA4F618C0A63F00300800 /* ofxUISortableList.cpp in Sources */,
				510cafe035e576a4e1502d52 /* UdpSocket.cpp in Sources */,
				03AFA4D618C0A63F00300800 /* ofxUI2DPad.cpp in Sources */,
				67fe4c7b15c2f0478c8126c2 /* NetworkingUtils.cpp in Sources */,
				03AFA4FA18C0A63F00300800 /* ofxUITabBar.cpp in Sources */,
				03AFA4F818C0A63F00300800 /* ofxUISpectrum.cpp in Sources */,
				ade367465d2a8ebad4c7a8d9 /* IpEndpointName.cpp in Sources */,
				03AFA50018C0A63F00300800 /* ofxUIWaveform.cpp in Sources */,
				0546d1a38e13bd319cc9755b /* OscReceivedElements.cpp in Sources */,
				03AFA4E318C0A63F00300800 /* ofxUIImage.cpp in Sources */,
				038367FF18C214C5005CEC72 /* GenPack.cpp in Sources */,
				0383672718C1879A005CEC72 /* ofxFontStash.cpp in Sources */,
				03AFA4EC18C0A63F00300800 /* ofxUIMovingGraph.cpp in Sources */,
				03AFA4FE18C0A63F00300800 /* ofxUIToggleMatrix.cpp in Sources */,
				03AFA50418C0A63F00300800 /* tinyxmlerror.cpp in Sources */,
				03AFA4ED18C0A63F00300800 /* ofxUIMultiImageButton.cpp in Sources */,
				03AFA4F118C0A63F00300800 /* ofxUIRangeSlider.cpp in Sources */,
				03AFA4DF18C0A63F00300800 /* ofxUIEnvelopeEditor.cpp in Sources */,
				03AFA4E218C0A63F00300800 /* ofxUIFPSSlider.cpp in Sources */,
				03AFA4EB18C0A63F00300800 /* ofxUIMinimalSlider.cpp in Sources */,
				03AFA4EA18C0A63F00300800 /* ofxUILabelToggle.cpp in Sources */,
				62545d179c94265ca1389d4a /* OscOutboundPacketStream.cpp in Sources */,
				03AFA4E118C0A63F00300800 /* ofxUIFPS.cpp in Sources */,
				c4782ecc372420ace0615b74 /* OscPrintReceivedElements.cpp in Sources */,
				879a251454401bc0b6e4f238 /* OscTypes.cpp in Sources */,
				03AFA4DD18C0A63F00300800 /* ofxUIDropDownList.cpp in Sources */,
			);
			runOnlyForDeploymentPostprocessing = 0;
		};
/* End PBXSourcesBuildPhase section */

/* Begin PBXTargetDependency section */
		E4EEB9AC138B136A00A80321 /* PBXTargetDependency */ = {
			isa = PBXTargetDependency;
			name = openFrameworks;
			targetProxy = E4EEB9AB138B136A00A80321 /* PBXContainerItemProxy */;
		};
/* End PBXTargetDependency section */

/* Begin XCBuildConfiguration section */
		E4B69B4E0A3A1720003C02F2 /* Debug */ = {
			isa = XCBuildConfiguration;
			baseConfigurationReference = E4EB6923138AFD0F00A09F29 /* Project.xcconfig */;
			buildSettings = {
				ARCHS = "$(NATIVE_ARCH)";
				CONFIGURATION_BUILD_DIR = "$(SRCROOT)/bin/";
				COPY_PHASE_STRIP = NO;
				DEAD_CODE_STRIPPING = YES;
				GCC_AUTO_VECTORIZATION = YES;
				GCC_ENABLE_SSE3_EXTENSIONS = YES;
				GCC_ENABLE_SUPPLEMENTAL_SSE3_INSTRUCTIONS = YES;
				GCC_INLINES_ARE_PRIVATE_EXTERN = NO;
				GCC_OPTIMIZATION_LEVEL = 0;
				GCC_SYMBOLS_PRIVATE_EXTERN = NO;
				GCC_WARN_ABOUT_DEPRECATED_FUNCTIONS = YES;
				GCC_WARN_ABOUT_INVALID_OFFSETOF_MACRO = NO;
				GCC_WARN_ALLOW_INCOMPLETE_PROTOCOL = NO;
				GCC_WARN_UNINITIALIZED_AUTOS = NO;
				GCC_WARN_UNUSED_VALUE = NO;
				GCC_WARN_UNUSED_VARIABLE = NO;
				HEADER_SEARCH_PATHS = (
					"$(OF_CORE_HEADERS)",
					../../../addons/ofxOsc/libs,
					../../../addons/ofxOsc/libs/oscpack,
					../../../addons/ofxOsc/libs/oscpack/src,
					../../../addons/ofxOsc/libs/oscpack/src/ip,
					../../../addons/ofxOsc/libs/oscpack/src/ip/posix,
					../../../addons/ofxOsc/libs/oscpack/src/ip/win32,
					../../../addons/ofxOsc/libs/oscpack/src/osc,
					../../../addons/ofxOsc/src,
					src,
				);
				MACOSX_DEPLOYMENT_TARGET = 10.6;
				OTHER_CPLUSPLUSFLAGS = (
					"-D__MACOSX_CORE__",
					"-lpthread",
					"-mtune=native",
				);
				SDKROOT = macosx;
			};
			name = Debug;
		};
		E4B69B4F0A3A1720003C02F2 /* Release */ = {
			isa = XCBuildConfiguration;
			baseConfigurationReference = E4EB6923138AFD0F00A09F29 /* Project.xcconfig */;
			buildSettings = {
				ARCHS = "$(NATIVE_ARCH)";
				CONFIGURATION_BUILD_DIR = "$(SRCROOT)/bin/";
				COPY_PHASE_STRIP = YES;
				DEAD_CODE_STRIPPING = YES;
				GCC_AUTO_VECTORIZATION = YES;
				GCC_ENABLE_SSE3_EXTENSIONS = YES;
				GCC_ENABLE_SUPPLEMENTAL_SSE3_INSTRUCTIONS = YES;
				GCC_INLINES_ARE_PRIVATE_EXTERN = NO;
				GCC_OPTIMIZATION_LEVEL = 3;
				GCC_SYMBOLS_PRIVATE_EXTERN = NO;
				GCC_UNROLL_LOOPS = YES;
				GCC_WARN_ABOUT_DEPRECATED_FUNCTIONS = YES;
				GCC_WARN_ABOUT_INVALID_OFFSETOF_MACRO = NO;
				GCC_WARN_ALLOW_INCOMPLETE_PROTOCOL = NO;
				GCC_WARN_UNINITIALIZED_AUTOS = NO;
				GCC_WARN_UNUSED_VALUE = NO;
				GCC_WARN_UNUSED_VARIABLE = NO;
				HEADER_SEARCH_PATHS = (
					"$(OF_CORE_HEADERS)",
					../../../addons/ofxOsc/libs,
					../../../addons/ofxOsc/libs/oscpack,
					../../../addons/ofxOsc/libs/oscpack/src,
					../../../addons/ofxOsc/libs/oscpack/src/ip,
					../../../addons/ofxOsc/libs/oscpack/src/ip/posix,
					../../../addons/ofxOsc/libs/oscpack/src/ip/win32,
					../../../addons/ofxOsc/libs/oscpack/src/osc,
					../../../addons/ofxOsc/src,
					src,
				);
				MACOSX_DEPLOYMENT_TARGET = 10.6;
				OTHER_CPLUSPLUSFLAGS = (
					"-D__MACOSX_CORE__",
					"-lpthread",
					"-mtune=native",
				);
				SDKROOT = macosx;
			};
			name = Release;
		};
		E4B69B600A3A1757003C02F2 /* Debug */ = {
			isa = XCBuildConfiguration;
			buildSettings = {
				COMBINE_HIDPI_IMAGES = YES;
				COPY_PHASE_STRIP = NO;
				FRAMEWORK_SEARCH_PATHS = (
					"$(inherited)",
					"$(FRAMEWORK_SEARCH_PATHS_QUOTED_FOR_TARGET_1)",
				);
				FRAMEWORK_SEARCH_PATHS_QUOTED_FOR_TARGET_1 = "\"$(SRCROOT)/../../../libs/glut/lib/osx\"";
				GCC_DYNAMIC_NO_PIC = NO;
				GCC_GENERATE_DEBUGGING_SYMBOLS = YES;
				GCC_MODEL_TUNING = NONE;
				ICON = "$(ICON_NAME_DEBUG)";
				ICON_FILE = "$(ICON_FILE_PATH)$(ICON)";
				INFOPLIST_FILE = "openFrameworks-Info.plist";
				INSTALL_PATH = "$(HOME)/Applications";
				LIBRARY_SEARCH_PATHS = (
					"$(inherited)",
					"$(LIBRARY_SEARCH_PATHS_QUOTED_FOR_TARGET_1)",
					"$(LIBRARY_SEARCH_PATHS_QUOTED_FOR_TARGET_2)",
					"$(LIBRARY_SEARCH_PATHS_QUOTED_FOR_TARGET_3)",
					"$(LIBRARY_SEARCH_PATHS_QUOTED_FOR_TARGET_4)",
					"$(LIBRARY_SEARCH_PATHS_QUOTED_FOR_TARGET_5)",
					"$(LIBRARY_SEARCH_PATHS_QUOTED_FOR_TARGET_6)",
					"$(LIBRARY_SEARCH_PATHS_QUOTED_FOR_TARGET_7)",
					"$(LIBRARY_SEARCH_PATHS_QUOTED_FOR_TARGET_8)",
					"$(LIBRARY_SEARCH_PATHS_QUOTED_FOR_TARGET_9)",
					"$(LIBRARY_SEARCH_PATHS_QUOTED_FOR_TARGET_10)",
					"$(LIBRARY_SEARCH_PATHS_QUOTED_FOR_TARGET_11)",
					"$(LIBRARY_SEARCH_PATHS_QUOTED_FOR_TARGET_12)",
					"$(LIBRARY_SEARCH_PATHS_QUOTED_FOR_TARGET_13)",
					"$(LIBRARY_SEARCH_PATHS_QUOTED_FOR_TARGET_14)",
					"$(LIBRARY_SEARCH_PATHS_QUOTED_FOR_TARGET_15)",
					"$(LIBRARY_SEARCH_PATHS_QUOTED_FOR_TARGET_2)",
					"$(LIBRARY_SEARCH_PATHS_QUOTED_FOR_TARGET_3)",
					"$(LIBRARY_SEARCH_PATHS_QUOTED_FOR_TARGET_7)",
					"$(LIBRARY_SEARCH_PATHS_QUOTED_FOR_TARGET_8)",
					"$(LIBRARY_SEARCH_PATHS_QUOTED_FOR_TARGET_9)",
					"$(LIBRARY_SEARCH_PATHS_QUOTED_FOR_TARGET_10)",
					"$(LIBRARY_SEARCH_PATHS_QUOTED_FOR_TARGET_11)",
					"$(LIBRARY_SEARCH_PATHS_QUOTED_FOR_TARGET_12)",
					"$(LIBRARY_SEARCH_PATHS_QUOTED_FOR_TARGET_13)",
					"$(LIBRARY_SEARCH_PATHS_QUOTED_FOR_TARGET_16)",
					"$(LIBRARY_SEARCH_PATHS_QUOTED_FOR_TARGET_17)",
					"$(LIBRARY_SEARCH_PATHS_QUOTED_FOR_TARGET_18)",
					"$(LIBRARY_SEARCH_PATHS_QUOTED_FOR_TARGET_19)",
					"$(LIBRARY_SEARCH_PATHS_QUOTED_FOR_TARGET_20)",
					"$(LIBRARY_SEARCH_PATHS_QUOTED_FOR_TARGET_21)",
					"$(LIBRARY_SEARCH_PATHS_QUOTED_FOR_TARGET_22)",
					"$(LIBRARY_SEARCH_PATHS_QUOTED_FOR_TARGET_23)",
					"$(LIBRARY_SEARCH_PATHS_QUOTED_FOR_TARGET_24)",
					"$(LIBRARY_SEARCH_PATHS_QUOTED_FOR_TARGET_25)",
					"$(LIBRARY_SEARCH_PATHS_QUOTED_FOR_TARGET_26)",
					"$(LIBRARY_SEARCH_PATHS_QUOTED_FOR_TARGET_27)",
					"$(LIBRARY_SEARCH_PATHS_QUOTED_FOR_TARGET_28)",
					"$(LIBRARY_SEARCH_PATHS_QUOTED_FOR_TARGET_29)",
					"$(LIBRARY_SEARCH_PATHS_QUOTED_FOR_TARGET_30)",
					"$(LIBRARY_SEARCH_PATHS_QUOTED_FOR_TARGET_31)",
					"$(LIBRARY_SEARCH_PATHS_QUOTED_FOR_TARGET_32)",
					"$(LIBRARY_SEARCH_PATHS_QUOTED_FOR_TARGET_33)",
					"$(LIBRARY_SEARCH_PATHS_QUOTED_FOR_TARGET_34)",
					"$(LIBRARY_SEARCH_PATHS_QUOTED_FOR_TARGET_35)",
					"$(LIBRARY_SEARCH_PATHS_QUOTED_FOR_TARGET_36)",
					"$(LIBRARY_SEARCH_PATHS_QUOTED_FOR_TARGET_37)",
					"$(LIBRARY_SEARCH_PATHS_QUOTED_FOR_TARGET_38)",
					"$(LIBRARY_SEARCH_PATHS_QUOTED_FOR_TARGET_39)",
					"$(LIBRARY_SEARCH_PATHS_QUOTED_FOR_TARGET_40)",
					"$(LIBRARY_SEARCH_PATHS_QUOTED_FOR_TARGET_41)",
					"$(LIBRARY_SEARCH_PATHS_QUOTED_FOR_TARGET_42)",
					"$(LIBRARY_SEARCH_PATHS_QUOTED_FOR_TARGET_43)",
					"$(LIBRARY_SEARCH_PATHS_QUOTED_FOR_TARGET_44)",
					"$(LIBRARY_SEARCH_PATHS_QUOTED_FOR_TARGET_45)",
					"$(LIBRARY_SEARCH_PATHS_QUOTED_FOR_TARGET_46)",
					"$(LIBRARY_SEARCH_PATHS_QUOTED_FOR_TARGET_47)",
					"$(LIBRARY_SEARCH_PATHS_QUOTED_FOR_TARGET_48)",
					"$(LIBRARY_SEARCH_PATHS_QUOTED_FOR_TARGET_49)",
					"$(LIBRARY_SEARCH_PATHS_QUOTED_FOR_TARGET_50)",
					"$(LIBRARY_SEARCH_PATHS_QUOTED_FOR_TARGET_51)",
					"$(LIBRARY_SEARCH_PATHS_QUOTED_FOR_TARGET_52)",
				);
				PRODUCT_NAME = "$(TARGET_NAME)Debug";
				WRAPPER_EXTENSION = app;
			};
			name = Debug;
		};
		E4B69B610A3A1757003C02F2 /* Release */ = {
			isa = XCBuildConfiguration;
			buildSettings = {
				COMBINE_HIDPI_IMAGES = YES;
				COPY_PHASE_STRIP = YES;
				FRAMEWORK_SEARCH_PATHS = (
					"$(inherited)",
					"$(FRAMEWORK_SEARCH_PATHS_QUOTED_FOR_TARGET_1)",
				);
				FRAMEWORK_SEARCH_PATHS_QUOTED_FOR_TARGET_1 = "\"$(SRCROOT)/../../../libs/glut/lib/osx\"";
				GCC_GENERATE_DEBUGGING_SYMBOLS = YES;
				GCC_MODEL_TUNING = NONE;
				ICON = "$(ICON_NAME_RELEASE)";
				ICON_FILE = "$(ICON_FILE_PATH)$(ICON)";
				INFOPLIST_FILE = "openFrameworks-Info.plist";
				INSTALL_PATH = "$(HOME)/Applications";
				LIBRARY_SEARCH_PATHS = (
					"$(inherited)",
					"$(LIBRARY_SEARCH_PATHS_QUOTED_FOR_TARGET_1)",
					"$(LIBRARY_SEARCH_PATHS_QUOTED_FOR_TARGET_2)",
					"$(LIBRARY_SEARCH_PATHS_QUOTED_FOR_TARGET_3)",
					"$(LIBRARY_SEARCH_PATHS_QUOTED_FOR_TARGET_4)",
					"$(LIBRARY_SEARCH_PATHS_QUOTED_FOR_TARGET_5)",
					"$(LIBRARY_SEARCH_PATHS_QUOTED_FOR_TARGET_6)",
					"$(LIBRARY_SEARCH_PATHS_QUOTED_FOR_TARGET_7)",
					"$(LIBRARY_SEARCH_PATHS_QUOTED_FOR_TARGET_8)",
					"$(LIBRARY_SEARCH_PATHS_QUOTED_FOR_TARGET_9)",
					"$(LIBRARY_SEARCH_PATHS_QUOTED_FOR_TARGET_10)",
					"$(LIBRARY_SEARCH_PATHS_QUOTED_FOR_TARGET_11)",
					"$(LIBRARY_SEARCH_PATHS_QUOTED_FOR_TARGET_12)",
					"$(LIBRARY_SEARCH_PATHS_QUOTED_FOR_TARGET_13)",
					"$(LIBRARY_SEARCH_PATHS_QUOTED_FOR_TARGET_14)",
					"$(LIBRARY_SEARCH_PATHS_QUOTED_FOR_TARGET_15)",
					"$(LIBRARY_SEARCH_PATHS_QUOTED_FOR_TARGET_2)",
					"$(LIBRARY_SEARCH_PATHS_QUOTED_1)",
					"$(LIBRARY_SEARCH_PATHS_QUOTED_FOR_TARGET_3)",
					"$(LIBRARY_SEARCH_PATHS_QUOTED_FOR_TARGET_7)",
					"$(LIBRARY_SEARCH_PATHS_QUOTED_FOR_TARGET_8)",
					"$(LIBRARY_SEARCH_PATHS_QUOTED_FOR_TARGET_9)",
					"$(LIBRARY_SEARCH_PATHS_QUOTED_FOR_TARGET_10)",
					"$(LIBRARY_SEARCH_PATHS_QUOTED_FOR_TARGET_11)",
					"$(LIBRARY_SEARCH_PATHS_QUOTED_FOR_TARGET_12)",
					"$(LIBRARY_SEARCH_PATHS_QUOTED_FOR_TARGET_13)",
					"$(LIBRARY_SEARCH_PATHS_QUOTED_FOR_TARGET_16)",
					"$(LIBRARY_SEARCH_PATHS_QUOTED_FOR_TARGET_17)",
					"$(LIBRARY_SEARCH_PATHS_QUOTED_FOR_TARGET_18)",
					"$(LIBRARY_SEARCH_PATHS_QUOTED_FOR_TARGET_19)",
					"$(LIBRARY_SEARCH_PATHS_QUOTED_FOR_TARGET_20)",
					"$(LIBRARY_SEARCH_PATHS_QUOTED_FOR_TARGET_21)",
					"$(LIBRARY_SEARCH_PATHS_QUOTED_FOR_TARGET_22)",
					"$(LIBRARY_SEARCH_PATHS_QUOTED_FOR_TARGET_23)",
					"$(LIBRARY_SEARCH_PATHS_QUOTED_FOR_TARGET_24)",
					"$(LIBRARY_SEARCH_PATHS_QUOTED_FOR_TARGET_25)",
					"$(LIBRARY_SEARCH_PATHS_QUOTED_FOR_TARGET_26)",
					"$(LIBRARY_SEARCH_PATHS_QUOTED_FOR_TARGET_27)",
					"$(LIBRARY_SEARCH_PATHS_QUOTED_FOR_TARGET_28)",
					"$(LIBRARY_SEARCH_PATHS_QUOTED_FOR_TARGET_29)",
					"$(LIBRARY_SEARCH_PATHS_QUOTED_FOR_TARGET_30)",
					"$(LIBRARY_SEARCH_PATHS_QUOTED_FOR_TARGET_31)",
					"$(LIBRARY_SEARCH_PATHS_QUOTED_FOR_TARGET_32)",
					"$(LIBRARY_SEARCH_PATHS_QUOTED_FOR_TARGET_33)",
					"$(LIBRARY_SEARCH_PATHS_QUOTED_FOR_TARGET_34)",
					"$(LIBRARY_SEARCH_PATHS_QUOTED_FOR_TARGET_35)",
					"$(LIBRARY_SEARCH_PATHS_QUOTED_FOR_TARGET_36)",
					"$(LIBRARY_SEARCH_PATHS_QUOTED_FOR_TARGET_37)",
					"$(LIBRARY_SEARCH_PATHS_QUOTED_FOR_TARGET_38)",
					"$(LIBRARY_SEARCH_PATHS_QUOTED_FOR_TARGET_39)",
					"$(LIBRARY_SEARCH_PATHS_QUOTED_FOR_TARGET_40)",
					"$(LIBRARY_SEARCH_PATHS_QUOTED_FOR_TARGET_41)",
					"$(LIBRARY_SEARCH_PATHS_QUOTED_FOR_TARGET_42)",
					"$(LIBRARY_SEARCH_PATHS_QUOTED_FOR_TARGET_43)",
					"$(LIBRARY_SEARCH_PATHS_QUOTED_FOR_TARGET_44)",
					"$(LIBRARY_SEARCH_PATHS_QUOTED_FOR_TARGET_45)",
					"$(LIBRARY_SEARCH_PATHS_QUOTED_FOR_TARGET_46)",
					"$(LIBRARY_SEARCH_PATHS_QUOTED_FOR_TARGET_47)",
					"$(LIBRARY_SEARCH_PATHS_QUOTED_FOR_TARGET_48)",
					"$(LIBRARY_SEARCH_PATHS_QUOTED_FOR_TARGET_49)",
					"$(LIBRARY_SEARCH_PATHS_QUOTED_FOR_TARGET_50)",
					"$(LIBRARY_SEARCH_PATHS_QUOTED_FOR_TARGET_51)",
				);
				PRODUCT_NAME = "$(TARGET_NAME)";
				WRAPPER_EXTENSION = app;
			};
			name = Release;
		};
/* End XCBuildConfiguration section */

/* Begin XCConfigurationList section */
		E4B69B4D0A3A1720003C02F2 /* Build configuration list for PBXProject "oscReceiveExample" */ = {
			isa = XCConfigurationList;
			buildConfigurations = (
				E4B69B4E0A3A1720003C02F2 /* Debug */,
				E4B69B4F0A3A1720003C02F2 /* Release */,
			);
			defaultConfigurationIsVisible = 0;
			defaultConfigurationName = Release;
		};
		E4B69B5F0A3A1757003C02F2 /* Build configuration list for PBXNativeTarget "oscReceiveExample" */ = {
			isa = XCConfigurationList;
			buildConfigurations = (
				E4B69B600A3A1757003C02F2 /* Debug */,
				E4B69B610A3A1757003C02F2 /* Release */,
			);
			defaultConfigurationIsVisible = 0;
			defaultConfigurationName = Release;
		};
/* End XCConfigurationList section */
	};
	rootObject = E4B69B4C0A3A1720003C02F2 /* Project object */;
}
